// !$*UTF8*$!
{
	archiveVersion = 1;
	classes = {
	};
	objectVersion = 50;
	objects = {

/* Begin PBXBuildFile section */
		D302C10F21E8F0FD004EDD67 /* HUD.swift in Sources */ = {isa = PBXBuildFile; fileRef = D302C10E21E8F0FD004EDD67 /* HUD.swift */; };
		D302C11321E8FA00004EDD67 /* MainViewController.swift in Sources */ = {isa = PBXBuildFile; fileRef = D302C11221E8FA00004EDD67 /* MainViewController.swift */; };
		D302C11521E8FA3D004EDD67 /* MainViewController.storyboard in Resources */ = {isa = PBXBuildFile; fileRef = D302C11421E8FA3D004EDD67 /* MainViewController.storyboard */; };
		D3050C5A21DCFD2E006CB26D /* AppDelegate.swift in Sources */ = {isa = PBXBuildFile; fileRef = D3050C5921DCFD2E006CB26D /* AppDelegate.swift */; };
		D3050C5F21DCFD2E006CB26D /* Main.storyboard in Resources */ = {isa = PBXBuildFile; fileRef = D3050C5D21DCFD2E006CB26D /* Main.storyboard */; };
		D3050C6121DCFD37006CB26D /* Assets.xcassets in Resources */ = {isa = PBXBuildFile; fileRef = D3050C6021DCFD37006CB26D /* Assets.xcassets */; };
		D3050C6421DCFD37006CB26D /* LaunchScreen.storyboard in Resources */ = {isa = PBXBuildFile; fileRef = D3050C6221DCFD37006CB26D /* LaunchScreen.storyboard */; };
		D3050C7821DCFDE3006CB26D /* Constants.swift in Sources */ = {isa = PBXBuildFile; fileRef = D3050C6C21DCFDE2006CB26D /* Constants.swift */; };
		D3050C7921DCFDE3006CB26D /* Strings.swift in Sources */ = {isa = PBXBuildFile; fileRef = D3050C6D21DCFDE2006CB26D /* Strings.swift */; };
		D3050C7A21DCFDE3006CB26D /* Date+Extension.swift in Sources */ = {isa = PBXBuildFile; fileRef = D3050C6F21DCFDE2006CB26D /* Date+Extension.swift */; };
		D3050C7B21DCFDE3006CB26D /* NSObject+Extension.swift in Sources */ = {isa = PBXBuildFile; fileRef = D3050C7021DCFDE2006CB26D /* NSObject+Extension.swift */; };
		D3050C7C21DCFDE3006CB26D /* UIView+Extension.swift in Sources */ = {isa = PBXBuildFile; fileRef = D3050C7121DCFDE2006CB26D /* UIView+Extension.swift */; };
		D3050C7D21DCFDE3006CB26D /* UIViewController+Extension.swift in Sources */ = {isa = PBXBuildFile; fileRef = D3050C7221DCFDE2006CB26D /* UIViewController+Extension.swift */; };
		D3050C7E21DCFDE3006CB26D /* NibView.swift in Sources */ = {isa = PBXBuildFile; fileRef = D3050C7421DCFDE2006CB26D /* NibView.swift */; };
		D3050C7F21DCFDE3006CB26D /* LogHelper.swift in Sources */ = {isa = PBXBuildFile; fileRef = D3050C7621DCFDE2006CB26D /* LogHelper.swift */; };
		D3050C8021DCFDE3006CB26D /* DateHelper.swift in Sources */ = {isa = PBXBuildFile; fileRef = D3050C7721DCFDE2006CB26D /* DateHelper.swift */; };
		D3078F0721E74BC40088A9D0 /* With+Extension.swift in Sources */ = {isa = PBXBuildFile; fileRef = D3078F0621E74BC40088A9D0 /* With+Extension.swift */; };
		D3078F0B21E768F80088A9D0 /* CheckboxView.swift in Sources */ = {isa = PBXBuildFile; fileRef = D3078F0A21E768F80088A9D0 /* CheckboxView.swift */; };
		D3078F0D21E769070088A9D0 /* CheckboxView.xib in Resources */ = {isa = PBXBuildFile; fileRef = D3078F0C21E769070088A9D0 /* CheckboxView.xib */; };
		D3078F0F21E76E2A0088A9D0 /* String+Extension.swift in Sources */ = {isa = PBXBuildFile; fileRef = D3078F0E21E76E2A0088A9D0 /* String+Extension.swift */; };
		D30A783C21E22F7500C72ABD /* BaseViewController.swift in Sources */ = {isa = PBXBuildFile; fileRef = D30A783B21E22F7500C72ABD /* BaseViewController.swift */; };
		D30A783F21E22FC000C72ABD /* LoginViewController.swift in Sources */ = {isa = PBXBuildFile; fileRef = D30A783E21E22FC000C72ABD /* LoginViewController.swift */; };
		D30A784121E2315500C72ABD /* LoginViewController.storyboard in Resources */ = {isa = PBXBuildFile; fileRef = D30A784021E2315500C72ABD /* LoginViewController.storyboard */; };
		D30A784521E234CA00C72ABD /* AppConfigs.swift in Sources */ = {isa = PBXBuildFile; fileRef = D30A784421E234CA00C72ABD /* AppConfigs.swift */; };
		D30A784721E23B7C00C72ABD /* ChildProfileAPI.swift in Sources */ = {isa = PBXBuildFile; fileRef = D30A784621E23B7C00C72ABD /* ChildProfileAPI.swift */; };
		D30A784B21E23C8B00C72ABD /* LoginModel.swift in Sources */ = {isa = PBXBuildFile; fileRef = D30A784A21E23C8B00C72ABD /* LoginModel.swift */; };
		D30A784D21E24B1900C72ABD /* LoginProfileModel.swift in Sources */ = {isa = PBXBuildFile; fileRef = D30A784C21E24B1900C72ABD /* LoginProfileModel.swift */; };
		D30A785121E24CA800C72ABD /* LoginService.swift in Sources */ = {isa = PBXBuildFile; fileRef = D30A785021E24CA800C72ABD /* LoginService.swift */; };
		D30A785321E2587200C72ABD /* ApiResponse.swift in Sources */ = {isa = PBXBuildFile; fileRef = D30A785221E2587200C72ABD /* ApiResponse.swift */; };
		D30A785521E25FE700C72ABD /* LoginViewModel.swift in Sources */ = {isa = PBXBuildFile; fileRef = D30A785421E25FE700C72ABD /* LoginViewModel.swift */; };
		D317DD1B21FF4AD5007EA178 /* AppData.swift in Sources */ = {isa = PBXBuildFile; fileRef = D317DD1A21FF4AD5007EA178 /* AppData.swift */; };
		D3189F0621F2208E0023FB62 /* PickerViewController.swift in Sources */ = {isa = PBXBuildFile; fileRef = D3189F0521F2208E0023FB62 /* PickerViewController.swift */; };
		D3189F0821F226030023FB62 /* UIApplication+Extension.swift in Sources */ = {isa = PBXBuildFile; fileRef = D3189F0721F226030023FB62 /* UIApplication+Extension.swift */; };
		D336F19F21F9EA7600393BFD /* ChildReportViewController.swift in Sources */ = {isa = PBXBuildFile; fileRef = D336F19E21F9EA7600393BFD /* ChildReportViewController.swift */; };
		D336F1A121F9EAB300393BFD /* ChildReportViewController.storyboard in Resources */ = {isa = PBXBuildFile; fileRef = D336F1A021F9EAB300393BFD /* ChildReportViewController.storyboard */; };
		D34B3BEB21FC0988000B3303 /* ReportProfileModel.swift in Sources */ = {isa = PBXBuildFile; fileRef = D34B3BEA21FC0988000B3303 /* ReportProfileModel.swift */; };
		D34B3BEE21FC5592000B3303 /* ShareImageService.swift in Sources */ = {isa = PBXBuildFile; fileRef = D34B3BED21FC5592000B3303 /* ShareImageService.swift */; };
		D34B3BF121FC6E80000B3303 /* ShareImageViewController.swift in Sources */ = {isa = PBXBuildFile; fileRef = D34B3BF021FC6E80000B3303 /* ShareImageViewController.swift */; };
		D34B3BF321FC6E99000B3303 /* ShareImageViewController.storyboard in Resources */ = {isa = PBXBuildFile; fileRef = D34B3BF221FC6E99000B3303 /* ShareImageViewController.storyboard */; };
		D34B3BF621FD5768000B3303 /* TextFieldListView.swift in Sources */ = {isa = PBXBuildFile; fileRef = D34B3BF521FD5768000B3303 /* TextFieldListView.swift */; };
		D34B3BF921FD5873000B3303 /* TextFieldTableViewCell.swift in Sources */ = {isa = PBXBuildFile; fileRef = D34B3BF721FD5873000B3303 /* TextFieldTableViewCell.swift */; };
		D34B3BFA21FD5873000B3303 /* TextFieldTableViewCell.xib in Resources */ = {isa = PBXBuildFile; fileRef = D34B3BF821FD5873000B3303 /* TextFieldTableViewCell.xib */; };
		D35521F521F614ED004C843A /* MemberFamilyViewController.swift in Sources */ = {isa = PBXBuildFile; fileRef = D35521F421F614ED004C843A /* MemberFamilyViewController.swift */; };
		D35521F721F614FA004C843A /* MemberFamilyViewController.storyboard in Resources */ = {isa = PBXBuildFile; fileRef = D35521F621F614FA004C843A /* MemberFamilyViewController.storyboard */; };
		D35521F921F61769004C843A /* MemberFamilyViewModel.swift in Sources */ = {isa = PBXBuildFile; fileRef = D35521F821F61769004C843A /* MemberFamilyViewModel.swift */; };
		D35521FB21F63616004C843A /* MembeFamilyTableViewCell.swift in Sources */ = {isa = PBXBuildFile; fileRef = D35521FA21F63616004C843A /* MembeFamilyTableViewCell.swift */; };
		D3577E4B21FE14F600A57161 /* UserUploadImageModel.swift in Sources */ = {isa = PBXBuildFile; fileRef = D3577E4A21FE14F600A57161 /* UserUploadImageModel.swift */; };
		D3577E4D21FE174900A57161 /* ShareImageViewModel.swift in Sources */ = {isa = PBXBuildFile; fileRef = D3577E4C21FE174900A57161 /* ShareImageViewModel.swift */; };
		D3968C3321F74F8C00B5B7B6 /* Utilities.swift in Sources */ = {isa = PBXBuildFile; fileRef = D3968C3221F74F8C00B5B7B6 /* Utilities.swift */; };
		D3968C3621F762DF00B5B7B6 /* AlertController.swift in Sources */ = {isa = PBXBuildFile; fileRef = D3968C3521F762DF00B5B7B6 /* AlertController.swift */; };
		D3968C3921F7894D00B5B7B6 /* ChildProfileSearchCondition.swift in Sources */ = {isa = PBXBuildFile; fileRef = D3968C3821F7894D00B5B7B6 /* ChildProfileSearchCondition.swift */; };
		D3968C3B21F78BDF00B5B7B6 /* ChildProfileSearchResult.swift in Sources */ = {isa = PBXBuildFile; fileRef = D3968C3A21F78BDF00B5B7B6 /* ChildProfileSearchResult.swift */; };
		D3968C3D21F78F1900B5B7B6 /* ListChildProvileViewModel.swift in Sources */ = {isa = PBXBuildFile; fileRef = D3968C3C21F78F1900B5B7B6 /* ListChildProvileViewModel.swift */; };
		D3968C4121F7946C00B5B7B6 /* ChildProfileTableViewCell.swift in Sources */ = {isa = PBXBuildFile; fileRef = D3968C3F21F7946C00B5B7B6 /* ChildProfileTableViewCell.swift */; };
		D3968C4221F7946C00B5B7B6 /* ChildProfileTableViewCell.xib in Resources */ = {isa = PBXBuildFile; fileRef = D3968C4021F7946C00B5B7B6 /* ChildProfileTableViewCell.xib */; };
		D3968C4421F7948700B5B7B6 /* ChildProfileCellViewModel.swift in Sources */ = {isa = PBXBuildFile; fileRef = D3968C4321F7948700B5B7B6 /* ChildProfileCellViewModel.swift */; };
		D3968C4621F7A44400B5B7B6 /* SearchResult.swift in Sources */ = {isa = PBXBuildFile; fileRef = D3968C4521F7A44400B5B7B6 /* SearchResult.swift */; };
		D3A203C221F8903D006206A7 /* SearchViewController.swift in Sources */ = {isa = PBXBuildFile; fileRef = D3A203C121F8903D006206A7 /* SearchViewController.swift */; };
		D3A203C421F8904E006206A7 /* SearchViewController.storyboard in Resources */ = {isa = PBXBuildFile; fileRef = D3A203C321F8904E006206A7 /* SearchViewController.storyboard */; };
		D3C9190E21F8958800178DB9 /* SearchViewModel.swift in Sources */ = {isa = PBXBuildFile; fileRef = D3C9190D21F8958800178DB9 /* SearchViewModel.swift */; };
		D3CD047521E3AC290080BA5F /* Colors.swift in Sources */ = {isa = PBXBuildFile; fileRef = D3CD047421E3AC290080BA5F /* Colors.swift */; };
		D3CD047721E3AC5D0080BA5F /* UIColor+Extension.swift in Sources */ = {isa = PBXBuildFile; fileRef = D3CD047621E3AC5D0080BA5F /* UIColor+Extension.swift */; };
		D3CD047921E3B87A0080BA5F /* BaseViewModel.swift in Sources */ = {isa = PBXBuildFile; fileRef = D3CD047821E3B87A0080BA5F /* BaseViewModel.swift */; };
		D3D73EAA21F2F7EB00BE41F7 /* ComboboxItemModel.swift in Sources */ = {isa = PBXBuildFile; fileRef = D3D73EA921F2F7EA00BE41F7 /* ComboboxItemModel.swift */; };
		D3D73EAD21F2F9F100BE41F7 /* ComboboxService.swift in Sources */ = {isa = PBXBuildFile; fileRef = D3D73EAC21F2F9F100BE41F7 /* ComboboxService.swift */; };
		D3D73EB021F3481700BE41F7 /* InputToolbar.swift in Sources */ = {isa = PBXBuildFile; fileRef = D3D73EAF21F3481700BE41F7 /* InputToolbar.swift */; };
		D3D73EB321F34A8B00BE41F7 /* DateSelectViewController.swift in Sources */ = {isa = PBXBuildFile; fileRef = D3D73EB221F34A8B00BE41F7 /* DateSelectViewController.swift */; };
		D3D73EB621F3503400BE41F7 /* DatePickerView.swift in Sources */ = {isa = PBXBuildFile; fileRef = D3D73EB521F3503400BE41F7 /* DatePickerView.swift */; };
		D3D73EB821F3505600BE41F7 /* DatePickerView.xib in Resources */ = {isa = PBXBuildFile; fileRef = D3D73EB721F3505600BE41F7 /* DatePickerView.xib */; };
		D3D73EBB21F38BA400BE41F7 /* ChildProfileModel.swift in Sources */ = {isa = PBXBuildFile; fileRef = D3D73EBA21F38BA400BE41F7 /* ChildProfileModel.swift */; };
		D3D73EBD21F3FFC600BE41F7 /* ObjectInputModel.swift in Sources */ = {isa = PBXBuildFile; fileRef = D3D73EBC21F3FFC600BE41F7 /* ObjectInputModel.swift */; };
		D3D73EBF21F4021200BE41F7 /* ObjectBaseModel.swift in Sources */ = {isa = PBXBuildFile; fileRef = D3D73EBE21F4021200BE41F7 /* ObjectBaseModel.swift */; };
		D3D73EC121F403B900BE41F7 /* FamilyMemberModel.swift in Sources */ = {isa = PBXBuildFile; fileRef = D3D73EC021F403B900BE41F7 /* FamilyMemberModel.swift */; };
		D3D73EC421F41B7F00BE41F7 /* ChildProfileService.swift in Sources */ = {isa = PBXBuildFile; fileRef = D3D73EC321F41B7F00BE41F7 /* ChildProfileService.swift */; };
		D3D73EC621F41D0900BE41F7 /* CreateChildProfileViewModel.swift in Sources */ = {isa = PBXBuildFile; fileRef = D3D73EC521F41D0900BE41F7 /* CreateChildProfileViewModel.swift */; };
		D3D73EC821F45FE300BE41F7 /* Step1ViewModel.swift in Sources */ = {isa = PBXBuildFile; fileRef = D3D73EC721F45FE300BE41F7 /* Step1ViewModel.swift */; };
		D3D73ECA21F467A800BE41F7 /* Collection+Extension.swift in Sources */ = {isa = PBXBuildFile; fileRef = D3D73EC921F467A800BE41F7 /* Collection+Extension.swift */; };
		D3D73ECC21F4688A00BE41F7 /* Array+Extension.swift in Sources */ = {isa = PBXBuildFile; fileRef = D3D73ECB21F4688A00BE41F7 /* Array+Extension.swift */; };
		D3D73ECE21F46EEE00BE41F7 /* StepViewController.swift in Sources */ = {isa = PBXBuildFile; fileRef = D3D73ECD21F46EEE00BE41F7 /* StepViewController.swift */; };
		D3D73ED221F4830300BE41F7 /* CheckboxListView.swift in Sources */ = {isa = PBXBuildFile; fileRef = D3D73ED121F4830300BE41F7 /* CheckboxListView.swift */; };
		D3D73ED421F4876100BE41F7 /* CheckboxCollectionViewCell.swift in Sources */ = {isa = PBXBuildFile; fileRef = D3D73ED321F4876100BE41F7 /* CheckboxCollectionViewCell.swift */; };
		D3D73ED621F4B89100BE41F7 /* Step2ViewModel.swift in Sources */ = {isa = PBXBuildFile; fileRef = D3D73ED521F4B89100BE41F7 /* Step2ViewModel.swift */; };
		D3D73ED821F4CC4E00BE41F7 /* Step3ViewModel.swift in Sources */ = {isa = PBXBuildFile; fileRef = D3D73ED721F4CC4E00BE41F7 /* Step3ViewModel.swift */; };
		D3D73EDA21F4D23400BE41F7 /* Step4ViewModel.swift in Sources */ = {isa = PBXBuildFile; fileRef = D3D73ED921F4D23400BE41F7 /* Step4ViewModel.swift */; };
		D3E51FF221E96F1E006E7E8B /* Toast.swift in Sources */ = {isa = PBXBuildFile; fileRef = D3E51FF121E96F1E006E7E8B /* Toast.swift */; };
		D3E51FF521E9A784006E7E8B /* MenuView.swift in Sources */ = {isa = PBXBuildFile; fileRef = D3E51FF421E9A784006E7E8B /* MenuView.swift */; };
		D3E51FF721E9A798006E7E8B /* MenuView.xib in Resources */ = {isa = PBXBuildFile; fileRef = D3E51FF621E9A798006E7E8B /* MenuView.xib */; };
		D3E51FFC21E9A9CC006E7E8B /* MenuItemTableViewCell.swift in Sources */ = {isa = PBXBuildFile; fileRef = D3E51FFA21E9A9CC006E7E8B /* MenuItemTableViewCell.swift */; };
		D3E51FFD21E9A9CC006E7E8B /* MenuItemTableViewCell.xib in Resources */ = {isa = PBXBuildFile; fileRef = D3E51FFB21E9A9CC006E7E8B /* MenuItemTableViewCell.xib */; };
		D3E5200121E9BF03006E7E8B /* ChangePasswordViewController.swift in Sources */ = {isa = PBXBuildFile; fileRef = D3E5200021E9BF03006E7E8B /* ChangePasswordViewController.swift */; };
		D3E5200321E9C01C006E7E8B /* ChangePasswordViewController.storyboard in Resources */ = {isa = PBXBuildFile; fileRef = D3E5200221E9C01C006E7E8B /* ChangePasswordViewController.storyboard */; };
		D3E5200521E9D3B2006E7E8B /* Setting.swift in Sources */ = {isa = PBXBuildFile; fileRef = D3E5200421E9D3B2006E7E8B /* Setting.swift */; };
		D3E5200721E9DA16006E7E8B /* UImageView+Extension.swift in Sources */ = {isa = PBXBuildFile; fileRef = D3E5200621E9DA16006E7E8B /* UImageView+Extension.swift */; };
		D3E5200A21E9FD43006E7E8B /* ChangePasswordModel.swift in Sources */ = {isa = PBXBuildFile; fileRef = D3E5200921E9FD43006E7E8B /* ChangePasswordModel.swift */; };
		D3E5200D21EA0197006E7E8B /* ChangePasswordService.swift in Sources */ = {isa = PBXBuildFile; fileRef = D3E5200C21EA0197006E7E8B /* ChangePasswordService.swift */; };
		D3E5200F21EA02C6006E7E8B /* ChangePasswordViewModel.swift in Sources */ = {isa = PBXBuildFile; fileRef = D3E5200E21EA02C6006E7E8B /* ChangePasswordViewModel.swift */; };
		D3E5201221EA1253006E7E8B /* ForwardPasswordModel.swift in Sources */ = {isa = PBXBuildFile; fileRef = D3E5201121EA1253006E7E8B /* ForwardPasswordModel.swift */; };
		D3E5201621EA1876006E7E8B /* ForwardPasswordService.swift in Sources */ = {isa = PBXBuildFile; fileRef = D3E5201521EA1876006E7E8B /* ForwardPasswordService.swift */; };
		D3E5201821EA1989006E7E8B /* ForwardPasswordViewController.swift in Sources */ = {isa = PBXBuildFile; fileRef = D3E5201721EA1989006E7E8B /* ForwardPasswordViewController.swift */; };
		D3E5201A21EA19BA006E7E8B /* ForwardPasswordViewController.storyboard in Resources */ = {isa = PBXBuildFile; fileRef = D3E5201921EA19BA006E7E8B /* ForwardPasswordViewController.storyboard */; };
		D3E5201C21EA3B47006E7E8B /* ForwardPasswordViewModel.swift in Sources */ = {isa = PBXBuildFile; fileRef = D3E5201B21EA3B47006E7E8B /* ForwardPasswordViewModel.swift */; };
		D3E5202121EA5379006E7E8B /* ConfirmForwardPasswordViewController.swift in Sources */ = {isa = PBXBuildFile; fileRef = D3E5202021EA5379006E7E8B /* ConfirmForwardPasswordViewController.swift */; };
		D3E5202321EA538D006E7E8B /* ConfirmForwardPasswordViewController.storyboard in Resources */ = {isa = PBXBuildFile; fileRef = D3E5202221EA538D006E7E8B /* ConfirmForwardPasswordViewController.storyboard */; };
		D3E5202521EA53B9006E7E8B /* ConfirmForwardPasswordViewModel.swift in Sources */ = {isa = PBXBuildFile; fileRef = D3E5202421EA53B9006E7E8B /* ConfirmForwardPasswordViewModel.swift */; };
		D3E5202621EAA1F0006E7E8B /* ConfirmForwardPasswordService.swift in Sources */ = {isa = PBXBuildFile; fileRef = D3E5201F21EA52F7006E7E8B /* ConfirmForwardPasswordService.swift */; };
		D3E5202921EAD465006E7E8B /* UserProfileModel.swift in Sources */ = {isa = PBXBuildFile; fileRef = D3E5202821EAD465006E7E8B /* UserProfileModel.swift */; };
		D3E5202C21EADC06006E7E8B /* UserProfileService.swift in Sources */ = {isa = PBXBuildFile; fileRef = D3E5202B21EADC06006E7E8B /* UserProfileService.swift */; };
		D3E5202F21EAE046006E7E8B /* UserProfileViewController.swift in Sources */ = {isa = PBXBuildFile; fileRef = D3E5202E21EAE046006E7E8B /* UserProfileViewController.swift */; };
		D3E5203121EAE0B1006E7E8B /* UserProfileViewController.storyboard in Resources */ = {isa = PBXBuildFile; fileRef = D3E5203021EAE0B1006E7E8B /* UserProfileViewController.storyboard */; };
		D3E5203321EAE1A2006E7E8B /* BaseTableViewController.swift in Sources */ = {isa = PBXBuildFile; fileRef = D3E5203221EAE1A2006E7E8B /* BaseTableViewController.swift */; };
		D3E5203721EB05A4006E7E8B /* ListChildProfileViewController.swift in Sources */ = {isa = PBXBuildFile; fileRef = D3E5203621EB05A4006E7E8B /* ListChildProfileViewController.swift */; };
		D3E5203921EB05CD006E7E8B /* ListChildProfileViewController.storyboard in Resources */ = {isa = PBXBuildFile; fileRef = D3E5203821EB05CD006E7E8B /* ListChildProfileViewController.storyboard */; };
		D3E5203B21EB060B006E7E8B /* CreateChildProfileViewController.swift in Sources */ = {isa = PBXBuildFile; fileRef = D3E5203A21EB060B006E7E8B /* CreateChildProfileViewController.swift */; };
		D3E5203D21EB062E006E7E8B /* CreateChildProfileViewController.storyboard in Resources */ = {isa = PBXBuildFile; fileRef = D3E5203C21EB062E006E7E8B /* CreateChildProfileViewController.storyboard */; };
		D3E5204021EB08EB006E7E8B /* UserProfileViewModel.swift in Sources */ = {isa = PBXBuildFile; fileRef = D3E5203F21EB08EB006E7E8B /* UserProfileViewModel.swift */; };
		D3E5204221EB2482006E7E8B /* DateFormatter+Extension.swift in Sources */ = {isa = PBXBuildFile; fileRef = D3E5204121EB2482006E7E8B /* DateFormatter+Extension.swift */; };
		D3E5204421EB60DA006E7E8B /* UIImage+Extension.swift in Sources */ = {isa = PBXBuildFile; fileRef = D3E5204321EB60DA006E7E8B /* UIImage+Extension.swift */; };
		D3E5204721EB9705006E7E8B /* ComboboxView.swift in Sources */ = {isa = PBXBuildFile; fileRef = D3E5204621EB9705006E7E8B /* ComboboxView.swift */; };
		D3E5204921EB9729006E7E8B /* ComboboxView.xib in Resources */ = {isa = PBXBuildFile; fileRef = D3E5204821EB9729006E7E8B /* ComboboxView.xib */; };
		D3E5204F21EB9F60006E7E8B /* Step1TableViewController.swift in Sources */ = {isa = PBXBuildFile; fileRef = D3E5204E21EB9F60006E7E8B /* Step1TableViewController.swift */; };
		D3E5205121EBA413006E7E8B /* Step1TableViewController.storyboard in Resources */ = {isa = PBXBuildFile; fileRef = D3E5205021EBA413006E7E8B /* Step1TableViewController.storyboard */; };
		D3E5205321EBA44F006E7E8B /* Step2TableViewController.swift in Sources */ = {isa = PBXBuildFile; fileRef = D3E5205221EBA44F006E7E8B /* Step2TableViewController.swift */; };
		D3E5205521EBA468006E7E8B /* Step2TableViewController.storyboard in Resources */ = {isa = PBXBuildFile; fileRef = D3E5205421EBA468006E7E8B /* Step2TableViewController.storyboard */; };
		D3E5205721EBA499006E7E8B /* Step3TableViewController.swift in Sources */ = {isa = PBXBuildFile; fileRef = D3E5205621EBA499006E7E8B /* Step3TableViewController.swift */; };
		D3E5205921EBA4C1006E7E8B /* Step3TableViewController.storyboard in Resources */ = {isa = PBXBuildFile; fileRef = D3E5205821EBA4C1006E7E8B /* Step3TableViewController.storyboard */; };
		D3E5205B21EBA504006E7E8B /* Step4TableViewController.swift in Sources */ = {isa = PBXBuildFile; fileRef = D3E5205A21EBA504006E7E8B /* Step4TableViewController.swift */; };
		D3E5205D21EBA51F006E7E8B /* Step4TableViewController.storyboard in Resources */ = {isa = PBXBuildFile; fileRef = D3E5205C21EBA51F006E7E8B /* Step4TableViewController.storyboard */; };
		F642E6829C165038E27F2B24 /* Pods_childprofile.framework in Frameworks */ = {isa = PBXBuildFile; fileRef = 5BC9889ED43608FD44D7C9C3 /* Pods_childprofile.framework */; };
/* End PBXBuildFile section */

/* Begin PBXFileReference section */
		5BC9889ED43608FD44D7C9C3 /* Pods_childprofile.framework */ = {isa = PBXFileReference; explicitFileType = wrapper.framework; includeInIndex = 0; path = Pods_childprofile.framework; sourceTree = BUILT_PRODUCTS_DIR; };
		CBE9D86F5BDC729F82306272 /* Pods-childprofile.release.xcconfig */ = {isa = PBXFileReference; includeInIndex = 1; lastKnownFileType = text.xcconfig; name = "Pods-childprofile.release.xcconfig"; path = "Pods/Target Support Files/Pods-childprofile/Pods-childprofile.release.xcconfig"; sourceTree = "<group>"; };
		D302C10E21E8F0FD004EDD67 /* HUD.swift */ = {isa = PBXFileReference; lastKnownFileType = sourcecode.swift; path = HUD.swift; sourceTree = "<group>"; };
		D302C11221E8FA00004EDD67 /* MainViewController.swift */ = {isa = PBXFileReference; lastKnownFileType = sourcecode.swift; path = MainViewController.swift; sourceTree = "<group>"; };
		D302C11421E8FA3D004EDD67 /* MainViewController.storyboard */ = {isa = PBXFileReference; lastKnownFileType = file.storyboard; path = MainViewController.storyboard; sourceTree = "<group>"; };
		D3050C5621DCFD2E006CB26D /* childprofile.app */ = {isa = PBXFileReference; explicitFileType = wrapper.application; includeInIndex = 0; path = childprofile.app; sourceTree = BUILT_PRODUCTS_DIR; };
		D3050C5921DCFD2E006CB26D /* AppDelegate.swift */ = {isa = PBXFileReference; lastKnownFileType = sourcecode.swift; path = AppDelegate.swift; sourceTree = "<group>"; };
		D3050C5E21DCFD2E006CB26D /* Base */ = {isa = PBXFileReference; lastKnownFileType = file.storyboard; name = Base; path = Base.lproj/Main.storyboard; sourceTree = "<group>"; };
		D3050C6021DCFD37006CB26D /* Assets.xcassets */ = {isa = PBXFileReference; lastKnownFileType = folder.assetcatalog; path = Assets.xcassets; sourceTree = "<group>"; };
		D3050C6321DCFD37006CB26D /* Base */ = {isa = PBXFileReference; lastKnownFileType = file.storyboard; name = Base; path = Base.lproj/LaunchScreen.storyboard; sourceTree = "<group>"; };
		D3050C6521DCFD37006CB26D /* Info.plist */ = {isa = PBXFileReference; lastKnownFileType = text.plist.xml; path = Info.plist; sourceTree = "<group>"; };
		D3050C6C21DCFDE2006CB26D /* Constants.swift */ = {isa = PBXFileReference; fileEncoding = 4; lastKnownFileType = sourcecode.swift; path = Constants.swift; sourceTree = "<group>"; };
		D3050C6D21DCFDE2006CB26D /* Strings.swift */ = {isa = PBXFileReference; fileEncoding = 4; lastKnownFileType = sourcecode.swift; path = Strings.swift; sourceTree = "<group>"; };
		D3050C6F21DCFDE2006CB26D /* Date+Extension.swift */ = {isa = PBXFileReference; fileEncoding = 4; lastKnownFileType = sourcecode.swift; path = "Date+Extension.swift"; sourceTree = "<group>"; };
		D3050C7021DCFDE2006CB26D /* NSObject+Extension.swift */ = {isa = PBXFileReference; fileEncoding = 4; lastKnownFileType = sourcecode.swift; path = "NSObject+Extension.swift"; sourceTree = "<group>"; };
		D3050C7121DCFDE2006CB26D /* UIView+Extension.swift */ = {isa = PBXFileReference; fileEncoding = 4; lastKnownFileType = sourcecode.swift; path = "UIView+Extension.swift"; sourceTree = "<group>"; };
		D3050C7221DCFDE2006CB26D /* UIViewController+Extension.swift */ = {isa = PBXFileReference; fileEncoding = 4; lastKnownFileType = sourcecode.swift; path = "UIViewController+Extension.swift"; sourceTree = "<group>"; };
		D3050C7421DCFDE2006CB26D /* NibView.swift */ = {isa = PBXFileReference; fileEncoding = 4; lastKnownFileType = sourcecode.swift; path = NibView.swift; sourceTree = "<group>"; };
		D3050C7621DCFDE2006CB26D /* LogHelper.swift */ = {isa = PBXFileReference; fileEncoding = 4; lastKnownFileType = sourcecode.swift; path = LogHelper.swift; sourceTree = "<group>"; };
		D3050C7721DCFDE2006CB26D /* DateHelper.swift */ = {isa = PBXFileReference; fileEncoding = 4; lastKnownFileType = sourcecode.swift; path = DateHelper.swift; sourceTree = "<group>"; };
		D3078F0621E74BC40088A9D0 /* With+Extension.swift */ = {isa = PBXFileReference; lastKnownFileType = sourcecode.swift; path = "With+Extension.swift"; sourceTree = "<group>"; };
		D3078F0A21E768F80088A9D0 /* CheckboxView.swift */ = {isa = PBXFileReference; lastKnownFileType = sourcecode.swift; path = CheckboxView.swift; sourceTree = "<group>"; };
		D3078F0C21E769070088A9D0 /* CheckboxView.xib */ = {isa = PBXFileReference; lastKnownFileType = file.xib; path = CheckboxView.xib; sourceTree = "<group>"; };
		D3078F0E21E76E2A0088A9D0 /* String+Extension.swift */ = {isa = PBXFileReference; lastKnownFileType = sourcecode.swift; path = "String+Extension.swift"; sourceTree = "<group>"; };
		D30A783B21E22F7500C72ABD /* BaseViewController.swift */ = {isa = PBXFileReference; lastKnownFileType = sourcecode.swift; path = BaseViewController.swift; sourceTree = "<group>"; };
		D30A783E21E22FC000C72ABD /* LoginViewController.swift */ = {isa = PBXFileReference; lastKnownFileType = sourcecode.swift; path = LoginViewController.swift; sourceTree = "<group>"; };
		D30A784021E2315500C72ABD /* LoginViewController.storyboard */ = {isa = PBXFileReference; lastKnownFileType = file.storyboard; path = LoginViewController.storyboard; sourceTree = "<group>"; };
		D30A784421E234CA00C72ABD /* AppConfigs.swift */ = {isa = PBXFileReference; lastKnownFileType = sourcecode.swift; path = AppConfigs.swift; sourceTree = "<group>"; };
		D30A784621E23B7C00C72ABD /* ChildProfileAPI.swift */ = {isa = PBXFileReference; lastKnownFileType = sourcecode.swift; path = ChildProfileAPI.swift; sourceTree = "<group>"; };
		D30A784A21E23C8B00C72ABD /* LoginModel.swift */ = {isa = PBXFileReference; lastKnownFileType = sourcecode.swift; path = LoginModel.swift; sourceTree = "<group>"; };
		D30A784C21E24B1900C72ABD /* LoginProfileModel.swift */ = {isa = PBXFileReference; lastKnownFileType = sourcecode.swift; path = LoginProfileModel.swift; sourceTree = "<group>"; };
		D30A785021E24CA800C72ABD /* LoginService.swift */ = {isa = PBXFileReference; lastKnownFileType = sourcecode.swift; path = LoginService.swift; sourceTree = "<group>"; };
		D30A785221E2587200C72ABD /* ApiResponse.swift */ = {isa = PBXFileReference; lastKnownFileType = sourcecode.swift; path = ApiResponse.swift; sourceTree = "<group>"; };
		D30A785421E25FE700C72ABD /* LoginViewModel.swift */ = {isa = PBXFileReference; lastKnownFileType = sourcecode.swift; path = LoginViewModel.swift; sourceTree = "<group>"; };
		D317DD1A21FF4AD5007EA178 /* AppData.swift */ = {isa = PBXFileReference; lastKnownFileType = sourcecode.swift; path = AppData.swift; sourceTree = "<group>"; };
		D3189F0521F2208E0023FB62 /* PickerViewController.swift */ = {isa = PBXFileReference; lastKnownFileType = sourcecode.swift; path = PickerViewController.swift; sourceTree = "<group>"; };
		D3189F0721F226030023FB62 /* UIApplication+Extension.swift */ = {isa = PBXFileReference; lastKnownFileType = sourcecode.swift; path = "UIApplication+Extension.swift"; sourceTree = "<group>"; };
		D336F19E21F9EA7600393BFD /* ChildReportViewController.swift */ = {isa = PBXFileReference; lastKnownFileType = sourcecode.swift; path = ChildReportViewController.swift; sourceTree = "<group>"; };
		D336F1A021F9EAB300393BFD /* ChildReportViewController.storyboard */ = {isa = PBXFileReference; lastKnownFileType = file.storyboard; path = ChildReportViewController.storyboard; sourceTree = "<group>"; };
		D34B3BEA21FC0988000B3303 /* ReportProfileModel.swift */ = {isa = PBXFileReference; lastKnownFileType = sourcecode.swift; path = ReportProfileModel.swift; sourceTree = "<group>"; };
		D34B3BED21FC5592000B3303 /* ShareImageService.swift */ = {isa = PBXFileReference; lastKnownFileType = sourcecode.swift; path = ShareImageService.swift; sourceTree = "<group>"; };
		D34B3BF021FC6E80000B3303 /* ShareImageViewController.swift */ = {isa = PBXFileReference; lastKnownFileType = sourcecode.swift; path = ShareImageViewController.swift; sourceTree = "<group>"; };
		D34B3BF221FC6E99000B3303 /* ShareImageViewController.storyboard */ = {isa = PBXFileReference; lastKnownFileType = file.storyboard; path = ShareImageViewController.storyboard; sourceTree = "<group>"; };
		D34B3BF521FD5768000B3303 /* TextFieldListView.swift */ = {isa = PBXFileReference; lastKnownFileType = sourcecode.swift; path = TextFieldListView.swift; sourceTree = "<group>"; };
		D34B3BF721FD5873000B3303 /* TextFieldTableViewCell.swift */ = {isa = PBXFileReference; lastKnownFileType = sourcecode.swift; path = TextFieldTableViewCell.swift; sourceTree = "<group>"; };
		D34B3BF821FD5873000B3303 /* TextFieldTableViewCell.xib */ = {isa = PBXFileReference; lastKnownFileType = file.xib; path = TextFieldTableViewCell.xib; sourceTree = "<group>"; };
		D35521F421F614ED004C843A /* MemberFamilyViewController.swift */ = {isa = PBXFileReference; lastKnownFileType = sourcecode.swift; path = MemberFamilyViewController.swift; sourceTree = "<group>"; };
		D35521F621F614FA004C843A /* MemberFamilyViewController.storyboard */ = {isa = PBXFileReference; lastKnownFileType = file.storyboard; path = MemberFamilyViewController.storyboard; sourceTree = "<group>"; };
		D35521F821F61769004C843A /* MemberFamilyViewModel.swift */ = {isa = PBXFileReference; lastKnownFileType = sourcecode.swift; path = MemberFamilyViewModel.swift; sourceTree = "<group>"; };
		D35521FA21F63616004C843A /* MembeFamilyTableViewCell.swift */ = {isa = PBXFileReference; lastKnownFileType = sourcecode.swift; path = MembeFamilyTableViewCell.swift; sourceTree = "<group>"; };
		D3577E4A21FE14F600A57161 /* UserUploadImageModel.swift */ = {isa = PBXFileReference; lastKnownFileType = sourcecode.swift; path = UserUploadImageModel.swift; sourceTree = "<group>"; };
		D3577E4C21FE174900A57161 /* ShareImageViewModel.swift */ = {isa = PBXFileReference; lastKnownFileType = sourcecode.swift; path = ShareImageViewModel.swift; sourceTree = "<group>"; };
		D3968C3221F74F8C00B5B7B6 /* Utilities.swift */ = {isa = PBXFileReference; lastKnownFileType = sourcecode.swift; path = Utilities.swift; sourceTree = "<group>"; };
		D3968C3521F762DF00B5B7B6 /* AlertController.swift */ = {isa = PBXFileReference; lastKnownFileType = sourcecode.swift; path = AlertController.swift; sourceTree = "<group>"; };
		D3968C3821F7894D00B5B7B6 /* ChildProfileSearchCondition.swift */ = {isa = PBXFileReference; lastKnownFileType = sourcecode.swift; path = ChildProfileSearchCondition.swift; sourceTree = "<group>"; };
		D3968C3A21F78BDF00B5B7B6 /* ChildProfileSearchResult.swift */ = {isa = PBXFileReference; lastKnownFileType = sourcecode.swift; path = ChildProfileSearchResult.swift; sourceTree = "<group>"; };
		D3968C3C21F78F1900B5B7B6 /* ListChildProvileViewModel.swift */ = {isa = PBXFileReference; lastKnownFileType = sourcecode.swift; path = ListChildProvileViewModel.swift; sourceTree = "<group>"; };
		D3968C3F21F7946C00B5B7B6 /* ChildProfileTableViewCell.swift */ = {isa = PBXFileReference; lastKnownFileType = sourcecode.swift; path = ChildProfileTableViewCell.swift; sourceTree = "<group>"; };
		D3968C4021F7946C00B5B7B6 /* ChildProfileTableViewCell.xib */ = {isa = PBXFileReference; lastKnownFileType = file.xib; path = ChildProfileTableViewCell.xib; sourceTree = "<group>"; };
		D3968C4321F7948700B5B7B6 /* ChildProfileCellViewModel.swift */ = {isa = PBXFileReference; lastKnownFileType = sourcecode.swift; path = ChildProfileCellViewModel.swift; sourceTree = "<group>"; };
		D3968C4521F7A44400B5B7B6 /* SearchResult.swift */ = {isa = PBXFileReference; lastKnownFileType = sourcecode.swift; path = SearchResult.swift; sourceTree = "<group>"; };
		D3A203C121F8903D006206A7 /* SearchViewController.swift */ = {isa = PBXFileReference; lastKnownFileType = sourcecode.swift; path = SearchViewController.swift; sourceTree = "<group>"; };
		D3A203C321F8904E006206A7 /* SearchViewController.storyboard */ = {isa = PBXFileReference; lastKnownFileType = file.storyboard; path = SearchViewController.storyboard; sourceTree = "<group>"; };
		D3C9190D21F8958800178DB9 /* SearchViewModel.swift */ = {isa = PBXFileReference; lastKnownFileType = sourcecode.swift; path = SearchViewModel.swift; sourceTree = "<group>"; };
		D3CD047421E3AC290080BA5F /* Colors.swift */ = {isa = PBXFileReference; lastKnownFileType = sourcecode.swift; path = Colors.swift; sourceTree = "<group>"; };
		D3CD047621E3AC5D0080BA5F /* UIColor+Extension.swift */ = {isa = PBXFileReference; lastKnownFileType = sourcecode.swift; path = "UIColor+Extension.swift"; sourceTree = "<group>"; };
		D3CD047821E3B87A0080BA5F /* BaseViewModel.swift */ = {isa = PBXFileReference; lastKnownFileType = sourcecode.swift; path = BaseViewModel.swift; sourceTree = "<group>"; };
		D3D73EA921F2F7EA00BE41F7 /* ComboboxItemModel.swift */ = {isa = PBXFileReference; lastKnownFileType = sourcecode.swift; path = ComboboxItemModel.swift; sourceTree = "<group>"; };
		D3D73EAC21F2F9F100BE41F7 /* ComboboxService.swift */ = {isa = PBXFileReference; lastKnownFileType = sourcecode.swift; path = ComboboxService.swift; sourceTree = "<group>"; };
		D3D73EAF21F3481700BE41F7 /* InputToolbar.swift */ = {isa = PBXFileReference; lastKnownFileType = sourcecode.swift; path = InputToolbar.swift; sourceTree = "<group>"; };
		D3D73EB221F34A8B00BE41F7 /* DateSelectViewController.swift */ = {isa = PBXFileReference; lastKnownFileType = sourcecode.swift; path = DateSelectViewController.swift; sourceTree = "<group>"; };
		D3D73EB521F3503400BE41F7 /* DatePickerView.swift */ = {isa = PBXFileReference; lastKnownFileType = sourcecode.swift; path = DatePickerView.swift; sourceTree = "<group>"; };
		D3D73EB721F3505600BE41F7 /* DatePickerView.xib */ = {isa = PBXFileReference; lastKnownFileType = file.xib; path = DatePickerView.xib; sourceTree = "<group>"; };
		D3D73EBA21F38BA400BE41F7 /* ChildProfileModel.swift */ = {isa = PBXFileReference; lastKnownFileType = sourcecode.swift; path = ChildProfileModel.swift; sourceTree = "<group>"; };
		D3D73EBC21F3FFC600BE41F7 /* ObjectInputModel.swift */ = {isa = PBXFileReference; lastKnownFileType = sourcecode.swift; path = ObjectInputModel.swift; sourceTree = "<group>"; };
		D3D73EBE21F4021200BE41F7 /* ObjectBaseModel.swift */ = {isa = PBXFileReference; lastKnownFileType = sourcecode.swift; path = ObjectBaseModel.swift; sourceTree = "<group>"; };
		D3D73EC021F403B900BE41F7 /* FamilyMemberModel.swift */ = {isa = PBXFileReference; lastKnownFileType = sourcecode.swift; path = FamilyMemberModel.swift; sourceTree = "<group>"; };
		D3D73EC321F41B7F00BE41F7 /* ChildProfileService.swift */ = {isa = PBXFileReference; lastKnownFileType = sourcecode.swift; path = ChildProfileService.swift; sourceTree = "<group>"; };
		D3D73EC521F41D0900BE41F7 /* CreateChildProfileViewModel.swift */ = {isa = PBXFileReference; lastKnownFileType = sourcecode.swift; path = CreateChildProfileViewModel.swift; sourceTree = "<group>"; };
		D3D73EC721F45FE300BE41F7 /* Step1ViewModel.swift */ = {isa = PBXFileReference; lastKnownFileType = sourcecode.swift; path = Step1ViewModel.swift; sourceTree = "<group>"; };
		D3D73EC921F467A800BE41F7 /* Collection+Extension.swift */ = {isa = PBXFileReference; lastKnownFileType = sourcecode.swift; path = "Collection+Extension.swift"; sourceTree = "<group>"; };
		D3D73ECB21F4688A00BE41F7 /* Array+Extension.swift */ = {isa = PBXFileReference; lastKnownFileType = sourcecode.swift; path = "Array+Extension.swift"; sourceTree = "<group>"; };
		D3D73ECD21F46EEE00BE41F7 /* StepViewController.swift */ = {isa = PBXFileReference; lastKnownFileType = sourcecode.swift; path = StepViewController.swift; sourceTree = "<group>"; };
		D3D73ED121F4830300BE41F7 /* CheckboxListView.swift */ = {isa = PBXFileReference; lastKnownFileType = sourcecode.swift; path = CheckboxListView.swift; sourceTree = "<group>"; };
		D3D73ED321F4876100BE41F7 /* CheckboxCollectionViewCell.swift */ = {isa = PBXFileReference; lastKnownFileType = sourcecode.swift; path = CheckboxCollectionViewCell.swift; sourceTree = "<group>"; };
		D3D73ED521F4B89100BE41F7 /* Step2ViewModel.swift */ = {isa = PBXFileReference; lastKnownFileType = sourcecode.swift; path = Step2ViewModel.swift; sourceTree = "<group>"; };
		D3D73ED721F4CC4E00BE41F7 /* Step3ViewModel.swift */ = {isa = PBXFileReference; lastKnownFileType = sourcecode.swift; path = Step3ViewModel.swift; sourceTree = "<group>"; };
		D3D73ED921F4D23400BE41F7 /* Step4ViewModel.swift */ = {isa = PBXFileReference; lastKnownFileType = sourcecode.swift; path = Step4ViewModel.swift; sourceTree = "<group>"; };
		D3E51FF121E96F1E006E7E8B /* Toast.swift */ = {isa = PBXFileReference; lastKnownFileType = sourcecode.swift; path = Toast.swift; sourceTree = "<group>"; };
		D3E51FF421E9A784006E7E8B /* MenuView.swift */ = {isa = PBXFileReference; lastKnownFileType = sourcecode.swift; path = MenuView.swift; sourceTree = "<group>"; };
		D3E51FF621E9A798006E7E8B /* MenuView.xib */ = {isa = PBXFileReference; lastKnownFileType = file.xib; path = MenuView.xib; sourceTree = "<group>"; };
		D3E51FFA21E9A9CC006E7E8B /* MenuItemTableViewCell.swift */ = {isa = PBXFileReference; lastKnownFileType = sourcecode.swift; path = MenuItemTableViewCell.swift; sourceTree = "<group>"; };
		D3E51FFB21E9A9CC006E7E8B /* MenuItemTableViewCell.xib */ = {isa = PBXFileReference; lastKnownFileType = file.xib; path = MenuItemTableViewCell.xib; sourceTree = "<group>"; };
		D3E5200021E9BF03006E7E8B /* ChangePasswordViewController.swift */ = {isa = PBXFileReference; lastKnownFileType = sourcecode.swift; path = ChangePasswordViewController.swift; sourceTree = "<group>"; };
		D3E5200221E9C01C006E7E8B /* ChangePasswordViewController.storyboard */ = {isa = PBXFileReference; lastKnownFileType = file.storyboard; path = ChangePasswordViewController.storyboard; sourceTree = "<group>"; };
		D3E5200421E9D3B2006E7E8B /* Setting.swift */ = {isa = PBXFileReference; lastKnownFileType = sourcecode.swift; path = Setting.swift; sourceTree = "<group>"; };
		D3E5200621E9DA16006E7E8B /* UImageView+Extension.swift */ = {isa = PBXFileReference; lastKnownFileType = sourcecode.swift; path = "UImageView+Extension.swift"; sourceTree = "<group>"; };
		D3E5200921E9FD43006E7E8B /* ChangePasswordModel.swift */ = {isa = PBXFileReference; lastKnownFileType = sourcecode.swift; path = ChangePasswordModel.swift; sourceTree = "<group>"; };
		D3E5200C21EA0197006E7E8B /* ChangePasswordService.swift */ = {isa = PBXFileReference; lastKnownFileType = sourcecode.swift; path = ChangePasswordService.swift; sourceTree = "<group>"; };
		D3E5200E21EA02C6006E7E8B /* ChangePasswordViewModel.swift */ = {isa = PBXFileReference; lastKnownFileType = sourcecode.swift; path = ChangePasswordViewModel.swift; sourceTree = "<group>"; };
		D3E5201121EA1253006E7E8B /* ForwardPasswordModel.swift */ = {isa = PBXFileReference; lastKnownFileType = sourcecode.swift; path = ForwardPasswordModel.swift; sourceTree = "<group>"; };
		D3E5201521EA1876006E7E8B /* ForwardPasswordService.swift */ = {isa = PBXFileReference; lastKnownFileType = sourcecode.swift; path = ForwardPasswordService.swift; sourceTree = "<group>"; };
		D3E5201721EA1989006E7E8B /* ForwardPasswordViewController.swift */ = {isa = PBXFileReference; lastKnownFileType = sourcecode.swift; path = ForwardPasswordViewController.swift; sourceTree = "<group>"; };
		D3E5201921EA19BA006E7E8B /* ForwardPasswordViewController.storyboard */ = {isa = PBXFileReference; lastKnownFileType = file.storyboard; path = ForwardPasswordViewController.storyboard; sourceTree = "<group>"; };
		D3E5201B21EA3B47006E7E8B /* ForwardPasswordViewModel.swift */ = {isa = PBXFileReference; lastKnownFileType = sourcecode.swift; path = ForwardPasswordViewModel.swift; sourceTree = "<group>"; };
		D3E5201F21EA52F7006E7E8B /* ConfirmForwardPasswordService.swift */ = {isa = PBXFileReference; lastKnownFileType = sourcecode.swift; path = ConfirmForwardPasswordService.swift; sourceTree = "<group>"; };
		D3E5202021EA5379006E7E8B /* ConfirmForwardPasswordViewController.swift */ = {isa = PBXFileReference; lastKnownFileType = sourcecode.swift; path = ConfirmForwardPasswordViewController.swift; sourceTree = "<group>"; };
		D3E5202221EA538D006E7E8B /* ConfirmForwardPasswordViewController.storyboard */ = {isa = PBXFileReference; lastKnownFileType = file.storyboard; path = ConfirmForwardPasswordViewController.storyboard; sourceTree = "<group>"; };
		D3E5202421EA53B9006E7E8B /* ConfirmForwardPasswordViewModel.swift */ = {isa = PBXFileReference; lastKnownFileType = sourcecode.swift; path = ConfirmForwardPasswordViewModel.swift; sourceTree = "<group>"; };
		D3E5202821EAD465006E7E8B /* UserProfileModel.swift */ = {isa = PBXFileReference; lastKnownFileType = sourcecode.swift; path = UserProfileModel.swift; sourceTree = "<group>"; };
		D3E5202B21EADC06006E7E8B /* UserProfileService.swift */ = {isa = PBXFileReference; lastKnownFileType = sourcecode.swift; path = UserProfileService.swift; sourceTree = "<group>"; };
		D3E5202E21EAE046006E7E8B /* UserProfileViewController.swift */ = {isa = PBXFileReference; lastKnownFileType = sourcecode.swift; path = UserProfileViewController.swift; sourceTree = "<group>"; };
		D3E5203021EAE0B1006E7E8B /* UserProfileViewController.storyboard */ = {isa = PBXFileReference; lastKnownFileType = file.storyboard; path = UserProfileViewController.storyboard; sourceTree = "<group>"; };
		D3E5203221EAE1A2006E7E8B /* BaseTableViewController.swift */ = {isa = PBXFileReference; lastKnownFileType = sourcecode.swift; path = BaseTableViewController.swift; sourceTree = "<group>"; };
		D3E5203621EB05A4006E7E8B /* ListChildProfileViewController.swift */ = {isa = PBXFileReference; lastKnownFileType = sourcecode.swift; path = ListChildProfileViewController.swift; sourceTree = "<group>"; };
		D3E5203821EB05CD006E7E8B /* ListChildProfileViewController.storyboard */ = {isa = PBXFileReference; lastKnownFileType = file.storyboard; path = ListChildProfileViewController.storyboard; sourceTree = "<group>"; };
		D3E5203A21EB060B006E7E8B /* CreateChildProfileViewController.swift */ = {isa = PBXFileReference; lastKnownFileType = sourcecode.swift; path = CreateChildProfileViewController.swift; sourceTree = "<group>"; };
		D3E5203C21EB062E006E7E8B /* CreateChildProfileViewController.storyboard */ = {isa = PBXFileReference; lastKnownFileType = file.storyboard; path = CreateChildProfileViewController.storyboard; sourceTree = "<group>"; };
		D3E5203F21EB08EB006E7E8B /* UserProfileViewModel.swift */ = {isa = PBXFileReference; lastKnownFileType = sourcecode.swift; path = UserProfileViewModel.swift; sourceTree = "<group>"; };
		D3E5204121EB2482006E7E8B /* DateFormatter+Extension.swift */ = {isa = PBXFileReference; lastKnownFileType = sourcecode.swift; path = "DateFormatter+Extension.swift"; sourceTree = "<group>"; };
		D3E5204321EB60DA006E7E8B /* UIImage+Extension.swift */ = {isa = PBXFileReference; lastKnownFileType = sourcecode.swift; path = "UIImage+Extension.swift"; sourceTree = "<group>"; };
		D3E5204621EB9705006E7E8B /* ComboboxView.swift */ = {isa = PBXFileReference; lastKnownFileType = sourcecode.swift; path = ComboboxView.swift; sourceTree = "<group>"; };
		D3E5204821EB9729006E7E8B /* ComboboxView.xib */ = {isa = PBXFileReference; lastKnownFileType = file.xib; path = ComboboxView.xib; sourceTree = "<group>"; };
		D3E5204E21EB9F60006E7E8B /* Step1TableViewController.swift */ = {isa = PBXFileReference; lastKnownFileType = sourcecode.swift; path = Step1TableViewController.swift; sourceTree = "<group>"; };
		D3E5205021EBA413006E7E8B /* Step1TableViewController.storyboard */ = {isa = PBXFileReference; lastKnownFileType = file.storyboard; path = Step1TableViewController.storyboard; sourceTree = "<group>"; };
		D3E5205221EBA44F006E7E8B /* Step2TableViewController.swift */ = {isa = PBXFileReference; lastKnownFileType = sourcecode.swift; path = Step2TableViewController.swift; sourceTree = "<group>"; };
		D3E5205421EBA468006E7E8B /* Step2TableViewController.storyboard */ = {isa = PBXFileReference; lastKnownFileType = file.storyboard; path = Step2TableViewController.storyboard; sourceTree = "<group>"; };
		D3E5205621EBA499006E7E8B /* Step3TableViewController.swift */ = {isa = PBXFileReference; lastKnownFileType = sourcecode.swift; path = Step3TableViewController.swift; sourceTree = "<group>"; };
		D3E5205821EBA4C1006E7E8B /* Step3TableViewController.storyboard */ = {isa = PBXFileReference; lastKnownFileType = file.storyboard; path = Step3TableViewController.storyboard; sourceTree = "<group>"; };
		D3E5205A21EBA504006E7E8B /* Step4TableViewController.swift */ = {isa = PBXFileReference; lastKnownFileType = sourcecode.swift; path = Step4TableViewController.swift; sourceTree = "<group>"; };
		D3E5205C21EBA51F006E7E8B /* Step4TableViewController.storyboard */ = {isa = PBXFileReference; lastKnownFileType = file.storyboard; path = Step4TableViewController.storyboard; sourceTree = "<group>"; };
		F68408923CDC56A1BB513F47 /* Pods-childprofile.debug.xcconfig */ = {isa = PBXFileReference; includeInIndex = 1; lastKnownFileType = text.xcconfig; name = "Pods-childprofile.debug.xcconfig"; path = "Pods/Target Support Files/Pods-childprofile/Pods-childprofile.debug.xcconfig"; sourceTree = "<group>"; };
/* End PBXFileReference section */

/* Begin PBXFrameworksBuildPhase section */
		D3050C5321DCFD2E006CB26D /* Frameworks */ = {
			isa = PBXFrameworksBuildPhase;
			buildActionMask = 2147483647;
			files = (
				F642E6829C165038E27F2B24 /* Pods_childprofile.framework in Frameworks */,
			);
			runOnlyForDeploymentPostprocessing = 0;
		};
/* End PBXFrameworksBuildPhase section */

/* Begin PBXGroup section */
		502D42A09BE745C86E6F6EA4 /* Pods */ = {
			isa = PBXGroup;
			children = (
				F68408923CDC56A1BB513F47 /* Pods-childprofile.debug.xcconfig */,
				CBE9D86F5BDC729F82306272 /* Pods-childprofile.release.xcconfig */,
			);
			name = Pods;
			sourceTree = "<group>";
		};
		A360FD161664E91A2CABE2DB /* Frameworks */ = {
			isa = PBXGroup;
			children = (
				5BC9889ED43608FD44D7C9C3 /* Pods_childprofile.framework */,
			);
			name = Frameworks;
			sourceTree = "<group>";
		};
		D302C10D21E8F0D8004EDD67 /* Common */ = {
			isa = PBXGroup;
			children = (
				D302C10E21E8F0FD004EDD67 /* HUD.swift */,
				D3E51FF121E96F1E006E7E8B /* Toast.swift */,
			);
			path = Common;
			sourceTree = "<group>";
		};
		D302C11121E8F9CA004EDD67 /* Main */ = {
			isa = PBXGroup;
			children = (
				D3E51FF321E9A56C006E7E8B /* MenuView */,
				D302C11221E8FA00004EDD67 /* MainViewController.swift */,
				D302C11421E8FA3D004EDD67 /* MainViewController.storyboard */,
			);
			path = Main;
			sourceTree = "<group>";
		};
		D3050C4D21DCFD2E006CB26D = {
			isa = PBXGroup;
			children = (
				D3050C5821DCFD2E006CB26D /* childprofile */,
				D3050C5721DCFD2E006CB26D /* Products */,
				502D42A09BE745C86E6F6EA4 /* Pods */,
				A360FD161664E91A2CABE2DB /* Frameworks */,
			);
			sourceTree = "<group>";
		};
		D3050C5721DCFD2E006CB26D /* Products */ = {
			isa = PBXGroup;
			children = (
				D3050C5621DCFD2E006CB26D /* childprofile.app */,
			);
			name = Products;
			sourceTree = "<group>";
		};
		D3050C5821DCFD2E006CB26D /* childprofile */ = {
			isa = PBXGroup;
			children = (
				D3050C5921DCFD2E006CB26D /* AppDelegate.swift */,
				D30A784421E234CA00C72ABD /* AppConfigs.swift */,
				D3050C5D21DCFD2E006CB26D /* Main.storyboard */,
				D30A783921E22EDF00C72ABD /* Controllers */,
				D30A784821E23C4C00C72ABD /* Models */,
				D30A784221E2348000C72ABD /* API */,
				D3050C6B21DCFDE2006CB26D /* Utilities */,
				D3050C6021DCFD37006CB26D /* Assets.xcassets */,
				D3050C6221DCFD37006CB26D /* LaunchScreen.storyboard */,
				D3050C6521DCFD37006CB26D /* Info.plist */,
			);
			path = childprofile;
			sourceTree = "<group>";
		};
		D3050C6B21DCFDE2006CB26D /* Utilities */ = {
			isa = PBXGroup;
			children = (
				D317DD1A21FF4AD5007EA178 /* AppData.swift */,
				D3968C3221F74F8C00B5B7B6 /* Utilities.swift */,
				D3050C6C21DCFDE2006CB26D /* Constants.swift */,
				D3050C6D21DCFDE2006CB26D /* Strings.swift */,
				D3CD047421E3AC290080BA5F /* Colors.swift */,
				D3E5200421E9D3B2006E7E8B /* Setting.swift */,
				D302C10D21E8F0D8004EDD67 /* Common */,
				D3078F0821E768C30088A9D0 /* Components */,
				D3050C6E21DCFDE2006CB26D /* Extensions */,
				D3050C7321DCFDE2006CB26D /* NibView */,
				D3050C7521DCFDE2006CB26D /* Helpers */,
			);
			path = Utilities;
			sourceTree = "<group>";
		};
		D3050C6E21DCFDE2006CB26D /* Extensions */ = {
			isa = PBXGroup;
			children = (
				D3050C6F21DCFDE2006CB26D /* Date+Extension.swift */,
				D3050C7021DCFDE2006CB26D /* NSObject+Extension.swift */,
				D3050C7121DCFDE2006CB26D /* UIView+Extension.swift */,
				D3050C7221DCFDE2006CB26D /* UIViewController+Extension.swift */,
				D3CD047621E3AC5D0080BA5F /* UIColor+Extension.swift */,
				D3078F0621E74BC40088A9D0 /* With+Extension.swift */,
				D3078F0E21E76E2A0088A9D0 /* String+Extension.swift */,
				D3E5200621E9DA16006E7E8B /* UImageView+Extension.swift */,
				D3E5204121EB2482006E7E8B /* DateFormatter+Extension.swift */,
				D3E5204321EB60DA006E7E8B /* UIImage+Extension.swift */,
				D3189F0721F226030023FB62 /* UIApplication+Extension.swift */,
				D3D73EC921F467A800BE41F7 /* Collection+Extension.swift */,
				D3D73ECB21F4688A00BE41F7 /* Array+Extension.swift */,
			);
			path = Extensions;
			sourceTree = "<group>";
		};
		D3050C7321DCFDE2006CB26D /* NibView */ = {
			isa = PBXGroup;
			children = (
				D3050C7421DCFDE2006CB26D /* NibView.swift */,
			);
			path = NibView;
			sourceTree = "<group>";
		};
		D3050C7521DCFDE2006CB26D /* Helpers */ = {
			isa = PBXGroup;
			children = (
				D3050C7621DCFDE2006CB26D /* LogHelper.swift */,
				D3050C7721DCFDE2006CB26D /* DateHelper.swift */,
			);
			path = Helpers;
			sourceTree = "<group>";
		};
		D3078F0821E768C30088A9D0 /* Components */ = {
			isa = PBXGroup;
			children = (
				D3968C3421F762C600B5B7B6 /* Alert */,
				D3189F0421F220230023FB62 /* ListPicker */,
				D3D73EB121F34A3300BE41F7 /* DatePicker */,
				D3D73EAE21F347EA00BE41F7 /* InputToolbar */,
				D3D73EB421F3500F00BE41F7 /* DatePickerView */,
				D3E5204521EB96DE006E7E8B /* ComboboxView */,
				D3078F0921E768D10088A9D0 /* Checkbox */,
			);
			path = Components;
			sourceTree = "<group>";
		};
		D3078F0921E768D10088A9D0 /* Checkbox */ = {
			isa = PBXGroup;
			children = (
				D3078F0A21E768F80088A9D0 /* CheckboxView.swift */,
				D3078F0C21E769070088A9D0 /* CheckboxView.xib */,
			);
			path = Checkbox;
			sourceTree = "<group>";
		};
		D30A783921E22EDF00C72ABD /* Controllers */ = {
			isa = PBXGroup;
			children = (
				D34B3BEF21FC6E5E000B3303 /* ShareImage */,
				D3E5203521EB057E006E7E8B /* CreateChildProfile */,
				D3E5203421EB056E006E7E8B /* ListChildProfile */,
				D3E5202D21EADFFA006E7E8B /* UserProfile */,
				D3E5201D21EA526C006E7E8B /* ConfirmForwardPassword */,
				D3E5201321EA1812006E7E8B /* ForwardPassword */,
				D3E51FFF21E9BEAD006E7E8B /* ChangePassword */,
				D302C11121E8F9CA004EDD67 /* Main */,
				D30A783D21E22F9A00C72ABD /* Login */,
				D30A783A21E22EF600C72ABD /* Base */,
			);
			path = Controllers;
			sourceTree = "<group>";
		};
		D30A783A21E22EF600C72ABD /* Base */ = {
			isa = PBXGroup;
			children = (
				D30A783B21E22F7500C72ABD /* BaseViewController.swift */,
				D3CD047821E3B87A0080BA5F /* BaseViewModel.swift */,
				D3E5203221EAE1A2006E7E8B /* BaseTableViewController.swift */,
			);
			path = Base;
			sourceTree = "<group>";
		};
		D30A783D21E22F9A00C72ABD /* Login */ = {
			isa = PBXGroup;
			children = (
				D30A785421E25FE700C72ABD /* LoginViewModel.swift */,
				D30A783E21E22FC000C72ABD /* LoginViewController.swift */,
				D30A784021E2315500C72ABD /* LoginViewController.storyboard */,
			);
			path = Login;
			sourceTree = "<group>";
		};
		D30A784221E2348000C72ABD /* API */ = {
			isa = PBXGroup;
			children = (
				D30A784321E234A300C72ABD /* Base */,
				D30A784E21E24C7500C72ABD /* Services */,
			);
			path = API;
			sourceTree = "<group>";
		};
		D30A784321E234A300C72ABD /* Base */ = {
			isa = PBXGroup;
			children = (
				D30A785221E2587200C72ABD /* ApiResponse.swift */,
				D30A784621E23B7C00C72ABD /* ChildProfileAPI.swift */,
			);
			path = Base;
			sourceTree = "<group>";
		};
		D30A784821E23C4C00C72ABD /* Models */ = {
			isa = PBXGroup;
			children = (
				D3577E4921FE14D300A57161 /* ShareImage */,
				D3968C3721F7890A00B5B7B6 /* ListChildProfile */,
				D3D73EB921F38B6F00BE41F7 /* CreateChildProfile */,
				D3D73EA821F2F78C00BE41F7 /* Combobox */,
				D3E5202721EAD41B006E7E8B /* UserProfile */,
				D3E5201021EA1230006E7E8B /* ForwardPassword */,
				D3E5200821E9FD20006E7E8B /* ChangePassword */,
				D30A784921E23C5800C72ABD /* Login */,
			);
			path = Models;
			sourceTree = "<group>";
		};
		D30A784921E23C5800C72ABD /* Login */ = {
			isa = PBXGroup;
			children = (
				D30A784A21E23C8B00C72ABD /* LoginModel.swift */,
				D30A784C21E24B1900C72ABD /* LoginProfileModel.swift */,
			);
			path = Login;
			sourceTree = "<group>";
		};
		D30A784E21E24C7500C72ABD /* Services */ = {
			isa = PBXGroup;
			children = (
				D34B3BEC21FC5577000B3303 /* ShareImage */,
				D3D73EC221F419DF00BE41F7 /* ChildProfile */,
				D3D73EAB21F2F9DB00BE41F7 /* Combobox */,
				D3E5202A21EADBDE006E7E8B /* UserProfile */,
				D3E5201E21EA52E9006E7E8B /* ConfirmForwardPassword */,
				D3E5201421EA185C006E7E8B /* ForwardPassword */,
				D3E5200B21EA0133006E7E8B /* ChangePassword */,
				D30A784F21E24C8B00C72ABD /* Login */,
			);
			path = Services;
			sourceTree = "<group>";
		};
		D30A784F21E24C8B00C72ABD /* Login */ = {
			isa = PBXGroup;
			children = (
				D30A785021E24CA800C72ABD /* LoginService.swift */,
			);
			path = Login;
			sourceTree = "<group>";
		};
		D3189F0421F220230023FB62 /* ListPicker */ = {
			isa = PBXGroup;
			children = (
				D3189F0521F2208E0023FB62 /* PickerViewController.swift */,
			);
			path = ListPicker;
			sourceTree = "<group>";
		};
		D336F19D21F9EA2600393BFD /* ChildReport */ = {
			isa = PBXGroup;
			children = (
				D336F19E21F9EA7600393BFD /* ChildReportViewController.swift */,
				D336F1A021F9EAB300393BFD /* ChildReportViewController.storyboard */,
			);
			path = ChildReport;
			sourceTree = "<group>";
		};
		D34B3BEC21FC5577000B3303 /* ShareImage */ = {
			isa = PBXGroup;
			children = (
				D34B3BED21FC5592000B3303 /* ShareImageService.swift */,
			);
			path = ShareImage;
			sourceTree = "<group>";
		};
		D34B3BEF21FC6E5E000B3303 /* ShareImage */ = {
			isa = PBXGroup;
			children = (
				D3577E4C21FE174900A57161 /* ShareImageViewModel.swift */,
				D34B3BF021FC6E80000B3303 /* ShareImageViewController.swift */,
				D34B3BF221FC6E99000B3303 /* ShareImageViewController.storyboard */,
			);
			path = ShareImage;
			sourceTree = "<group>";
		};
		D34B3BF421FD56FE000B3303 /* TextFieldListView */ = {
			isa = PBXGroup;
			children = (
				D34B3BF521FD5768000B3303 /* TextFieldListView.swift */,
				D34B3BF721FD5873000B3303 /* TextFieldTableViewCell.swift */,
				D34B3BF821FD5873000B3303 /* TextFieldTableViewCell.xib */,
			);
			path = TextFieldListView;
			sourceTree = "<group>";
		};
		D35521F321F614AA004C843A /* MemberFamily */ = {
			isa = PBXGroup;
			children = (
				D35521F821F61769004C843A /* MemberFamilyViewModel.swift */,
				D35521F421F614ED004C843A /* MemberFamilyViewController.swift */,
				D35521F621F614FA004C843A /* MemberFamilyViewController.storyboard */,
			);
			path = MemberFamily;
			sourceTree = "<group>";
		};
		D3577E4921FE14D300A57161 /* ShareImage */ = {
			isa = PBXGroup;
			children = (
				D3577E4A21FE14F600A57161 /* UserUploadImageModel.swift */,
			);
			path = ShareImage;
			sourceTree = "<group>";
		};
		D3968C3421F762C600B5B7B6 /* Alert */ = {
			isa = PBXGroup;
			children = (
				D3968C3521F762DF00B5B7B6 /* AlertController.swift */,
			);
			path = Alert;
			sourceTree = "<group>";
		};
		D3968C3721F7890A00B5B7B6 /* ListChildProfile */ = {
			isa = PBXGroup;
			children = (
				D3968C3821F7894D00B5B7B6 /* ChildProfileSearchCondition.swift */,
				D3968C3A21F78BDF00B5B7B6 /* ChildProfileSearchResult.swift */,
				D34B3BEA21FC0988000B3303 /* ReportProfileModel.swift */,
				D3968C4521F7A44400B5B7B6 /* SearchResult.swift */,
			);
			path = ListChildProfile;
			sourceTree = "<group>";
		};
		D3968C3E21F7945200B5B7B6 /* ChildProfileTableViewCell */ = {
			isa = PBXGroup;
			children = (
				D3968C4321F7948700B5B7B6 /* ChildProfileCellViewModel.swift */,
				D3968C3F21F7946C00B5B7B6 /* ChildProfileTableViewCell.swift */,
				D3968C4021F7946C00B5B7B6 /* ChildProfileTableViewCell.xib */,
			);
			path = ChildProfileTableViewCell;
			sourceTree = "<group>";
		};
		D3A203C021F88FEC006206A7 /* Search */ = {
			isa = PBXGroup;
			children = (
				D3C9190D21F8958800178DB9 /* SearchViewModel.swift */,
				D3A203C121F8903D006206A7 /* SearchViewController.swift */,
				D3A203C321F8904E006206A7 /* SearchViewController.storyboard */,
			);
			path = Search;
			sourceTree = "<group>";
		};
		D3D73EA821F2F78C00BE41F7 /* Combobox */ = {
			isa = PBXGroup;
			children = (
				D3D73EA921F2F7EA00BE41F7 /* ComboboxItemModel.swift */,
			);
			path = Combobox;
			sourceTree = "<group>";
		};
		D3D73EAB21F2F9DB00BE41F7 /* Combobox */ = {
			isa = PBXGroup;
			children = (
				D3D73EAC21F2F9F100BE41F7 /* ComboboxService.swift */,
			);
			path = Combobox;
			sourceTree = "<group>";
		};
		D3D73EAE21F347EA00BE41F7 /* InputToolbar */ = {
			isa = PBXGroup;
			children = (
				D3D73EAF21F3481700BE41F7 /* InputToolbar.swift */,
			);
			path = InputToolbar;
			sourceTree = "<group>";
		};
		D3D73EB121F34A3300BE41F7 /* DatePicker */ = {
			isa = PBXGroup;
			children = (
				D3D73EB221F34A8B00BE41F7 /* DateSelectViewController.swift */,
			);
			path = DatePicker;
			sourceTree = "<group>";
		};
		D3D73EB421F3500F00BE41F7 /* DatePickerView */ = {
			isa = PBXGroup;
			children = (
				D3D73EB521F3503400BE41F7 /* DatePickerView.swift */,
				D3D73EB721F3505600BE41F7 /* DatePickerView.xib */,
			);
			path = DatePickerView;
			sourceTree = "<group>";
		};
		D3D73EB921F38B6F00BE41F7 /* CreateChildProfile */ = {
			isa = PBXGroup;
			children = (
				D3D73EBA21F38BA400BE41F7 /* ChildProfileModel.swift */,
				D3D73EBC21F3FFC600BE41F7 /* ObjectInputModel.swift */,
				D3D73EBE21F4021200BE41F7 /* ObjectBaseModel.swift */,
				D3D73EC021F403B900BE41F7 /* FamilyMemberModel.swift */,
			);
			path = CreateChildProfile;
			sourceTree = "<group>";
		};
		D3D73EC221F419DF00BE41F7 /* ChildProfile */ = {
			isa = PBXGroup;
			children = (
				D3D73EC321F41B7F00BE41F7 /* ChildProfileService.swift */,
			);
			path = ChildProfile;
			sourceTree = "<group>";
		};
		D3D73ECF21F46FE600BE41F7 /* Views */ = {
			isa = PBXGroup;
			children = (
				D34B3BF421FD56FE000B3303 /* TextFieldListView */,
				D3D73ED021F4829E00BE41F7 /* CheckboxListView */,
			);
			path = Views;
			sourceTree = "<group>";
		};
		D3D73ED021F4829E00BE41F7 /* CheckboxListView */ = {
			isa = PBXGroup;
			children = (
				D3D73ED121F4830300BE41F7 /* CheckboxListView.swift */,
				D3D73ED321F4876100BE41F7 /* CheckboxCollectionViewCell.swift */,
			);
			path = CheckboxListView;
			sourceTree = "<group>";
		};
		D3E51FF321E9A56C006E7E8B /* MenuView */ = {
			isa = PBXGroup;
			children = (
				D3E51FFE21E9A9E2006E7E8B /* MenuCell */,
				D3E51FF421E9A784006E7E8B /* MenuView.swift */,
				D3E51FF621E9A798006E7E8B /* MenuView.xib */,
			);
			path = MenuView;
			sourceTree = "<group>";
		};
		D3E51FFE21E9A9E2006E7E8B /* MenuCell */ = {
			isa = PBXGroup;
			children = (
				D3E51FFA21E9A9CC006E7E8B /* MenuItemTableViewCell.swift */,
				D3E51FFB21E9A9CC006E7E8B /* MenuItemTableViewCell.xib */,
			);
			path = MenuCell;
			sourceTree = "<group>";
		};
		D3E51FFF21E9BEAD006E7E8B /* ChangePassword */ = {
			isa = PBXGroup;
			children = (
				D3E5200E21EA02C6006E7E8B /* ChangePasswordViewModel.swift */,
				D3E5200021E9BF03006E7E8B /* ChangePasswordViewController.swift */,
				D3E5200221E9C01C006E7E8B /* ChangePasswordViewController.storyboard */,
			);
			path = ChangePassword;
			sourceTree = "<group>";
		};
		D3E5200821E9FD20006E7E8B /* ChangePassword */ = {
			isa = PBXGroup;
			children = (
				D3E5200921E9FD43006E7E8B /* ChangePasswordModel.swift */,
			);
			path = ChangePassword;
			sourceTree = "<group>";
		};
		D3E5200B21EA0133006E7E8B /* ChangePassword */ = {
			isa = PBXGroup;
			children = (
				D3E5200C21EA0197006E7E8B /* ChangePasswordService.swift */,
			);
			path = ChangePassword;
			sourceTree = "<group>";
		};
		D3E5201021EA1230006E7E8B /* ForwardPassword */ = {
			isa = PBXGroup;
			children = (
				D3E5201121EA1253006E7E8B /* ForwardPasswordModel.swift */,
			);
			path = ForwardPassword;
			sourceTree = "<group>";
		};
		D3E5201321EA1812006E7E8B /* ForwardPassword */ = {
			isa = PBXGroup;
			children = (
				D3E5201B21EA3B47006E7E8B /* ForwardPasswordViewModel.swift */,
				D3E5201721EA1989006E7E8B /* ForwardPasswordViewController.swift */,
				D3E5201921EA19BA006E7E8B /* ForwardPasswordViewController.storyboard */,
			);
			path = ForwardPassword;
			sourceTree = "<group>";
		};
		D3E5201421EA185C006E7E8B /* ForwardPassword */ = {
			isa = PBXGroup;
			children = (
				D3E5201521EA1876006E7E8B /* ForwardPasswordService.swift */,
			);
			path = ForwardPassword;
			sourceTree = "<group>";
		};
		D3E5201D21EA526C006E7E8B /* ConfirmForwardPassword */ = {
			isa = PBXGroup;
			children = (
				D3E5202421EA53B9006E7E8B /* ConfirmForwardPasswordViewModel.swift */,
				D3E5202021EA5379006E7E8B /* ConfirmForwardPasswordViewController.swift */,
				D3E5202221EA538D006E7E8B /* ConfirmForwardPasswordViewController.storyboard */,
			);
			path = ConfirmForwardPassword;
			sourceTree = "<group>";
		};
		D3E5201E21EA52E9006E7E8B /* ConfirmForwardPassword */ = {
			isa = PBXGroup;
			children = (
				D3E5201F21EA52F7006E7E8B /* ConfirmForwardPasswordService.swift */,
			);
			path = ConfirmForwardPassword;
			sourceTree = "<group>";
		};
		D3E5202721EAD41B006E7E8B /* UserProfile */ = {
			isa = PBXGroup;
			children = (
				D3E5202821EAD465006E7E8B /* UserProfileModel.swift */,
			);
			path = UserProfile;
			sourceTree = "<group>";
		};
		D3E5202A21EADBDE006E7E8B /* UserProfile */ = {
			isa = PBXGroup;
			children = (
				D3E5202B21EADC06006E7E8B /* UserProfileService.swift */,
			);
			path = UserProfile;
			sourceTree = "<group>";
		};
		D3E5202D21EADFFA006E7E8B /* UserProfile */ = {
			isa = PBXGroup;
			children = (
				D3E5203F21EB08EB006E7E8B /* UserProfileViewModel.swift */,
				D3E5202E21EAE046006E7E8B /* UserProfileViewController.swift */,
				D3E5203021EAE0B1006E7E8B /* UserProfileViewController.storyboard */,
			);
			path = UserProfile;
			sourceTree = "<group>";
		};
		D3E5203421EB056E006E7E8B /* ListChildProfile */ = {
			isa = PBXGroup;
			children = (
				D336F19D21F9EA2600393BFD /* ChildReport */,
				D3A203C021F88FEC006206A7 /* Search */,
				D3968C3E21F7945200B5B7B6 /* ChildProfileTableViewCell */,
				D3968C3C21F78F1900B5B7B6 /* ListChildProvileViewModel.swift */,
				D3E5203621EB05A4006E7E8B /* ListChildProfileViewController.swift */,
				D3E5203821EB05CD006E7E8B /* ListChildProfileViewController.storyboard */,
			);
			path = ListChildProfile;
			sourceTree = "<group>";
		};
		D3E5203521EB057E006E7E8B /* CreateChildProfile */ = {
			isa = PBXGroup;
			children = (
				D3D73ECF21F46FE600BE41F7 /* Views */,
				D3E5204D21EB9ED3006E7E8B /* Step4 */,
				D3E5204C21EB9EB6006E7E8B /* Step3 */,
				D3E5204B21EB9EB0006E7E8B /* Step2 */,
				D3E5204A21EB9A1D006E7E8B /* Step1 */,
				D35521F321F614AA004C843A /* MemberFamily */,
				D3D73ECD21F46EEE00BE41F7 /* StepViewController.swift */,
				D3D73EC521F41D0900BE41F7 /* CreateChildProfileViewModel.swift */,
				D3E5203A21EB060B006E7E8B /* CreateChildProfileViewController.swift */,
				D3E5203C21EB062E006E7E8B /* CreateChildProfileViewController.storyboard */,
			);
			path = CreateChildProfile;
			sourceTree = "<group>";
		};
		D3E5204521EB96DE006E7E8B /* ComboboxView */ = {
			isa = PBXGroup;
			children = (
				D3E5204621EB9705006E7E8B /* ComboboxView.swift */,
				D3E5204821EB9729006E7E8B /* ComboboxView.xib */,
			);
			path = ComboboxView;
			sourceTree = "<group>";
		};
		D3E5204A21EB9A1D006E7E8B /* Step1 */ = {
			isa = PBXGroup;
			children = (
				D3D73EC721F45FE300BE41F7 /* Step1ViewModel.swift */,
				D3E5204E21EB9F60006E7E8B /* Step1TableViewController.swift */,
				D3E5205021EBA413006E7E8B /* Step1TableViewController.storyboard */,
			);
			path = Step1;
			sourceTree = "<group>";
		};
		D3E5204B21EB9EB0006E7E8B /* Step2 */ = {
			isa = PBXGroup;
			children = (
				D3D73ED521F4B89100BE41F7 /* Step2ViewModel.swift */,
				D3E5205221EBA44F006E7E8B /* Step2TableViewController.swift */,
				D3E5205421EBA468006E7E8B /* Step2TableViewController.storyboard */,
			);
			path = Step2;
			sourceTree = "<group>";
		};
		D3E5204C21EB9EB6006E7E8B /* Step3 */ = {
			isa = PBXGroup;
			children = (
				D35521FA21F63616004C843A /* MembeFamilyTableViewCell.swift */,
				D3D73ED721F4CC4E00BE41F7 /* Step3ViewModel.swift */,
				D3E5205621EBA499006E7E8B /* Step3TableViewController.swift */,
				D3E5205821EBA4C1006E7E8B /* Step3TableViewController.storyboard */,
			);
			path = Step3;
			sourceTree = "<group>";
		};
		D3E5204D21EB9ED3006E7E8B /* Step4 */ = {
			isa = PBXGroup;
			children = (
				D3D73ED921F4D23400BE41F7 /* Step4ViewModel.swift */,
				D3E5205A21EBA504006E7E8B /* Step4TableViewController.swift */,
				D3E5205C21EBA51F006E7E8B /* Step4TableViewController.storyboard */,
			);
			path = Step4;
			sourceTree = "<group>";
		};
/* End PBXGroup section */

/* Begin PBXNativeTarget section */
		D3050C5521DCFD2E006CB26D /* childprofile */ = {
			isa = PBXNativeTarget;
			buildConfigurationList = D3050C6821DCFD37006CB26D /* Build configuration list for PBXNativeTarget "childprofile" */;
			buildPhases = (
				4831E4D948C8F7F152205465 /* [CP] Check Pods Manifest.lock */,
				D3050C5221DCFD2E006CB26D /* Sources */,
				D3050C5321DCFD2E006CB26D /* Frameworks */,
				D3050C5421DCFD2E006CB26D /* Resources */,
				E6288B60B9CAD674DB8EC6FD /* [CP] Embed Pods Frameworks */,
			);
			buildRules = (
			);
			dependencies = (
			);
			name = childprofile;
			productName = childprofile;
			productReference = D3050C5621DCFD2E006CB26D /* childprofile.app */;
			productType = "com.apple.product-type.application";
		};
/* End PBXNativeTarget section */

/* Begin PBXProject section */
		D3050C4E21DCFD2E006CB26D /* Project object */ = {
			isa = PBXProject;
			attributes = {
				LastSwiftUpdateCheck = 1010;
				LastUpgradeCheck = 1010;
				ORGANIZATIONNAME = childfund;
				TargetAttributes = {
					D3050C5521DCFD2E006CB26D = {
						CreatedOnToolsVersion = 10.1;
					};
				};
			};
			buildConfigurationList = D3050C5121DCFD2E006CB26D /* Build configuration list for PBXProject "childprofile" */;
			compatibilityVersion = "Xcode 9.3";
			developmentRegion = en;
			hasScannedForEncodings = 0;
			knownRegions = (
				en,
				Base,
			);
			mainGroup = D3050C4D21DCFD2E006CB26D;
			productRefGroup = D3050C5721DCFD2E006CB26D /* Products */;
			projectDirPath = "";
			projectRoot = "";
			targets = (
				D3050C5521DCFD2E006CB26D /* childprofile */,
			);
		};
/* End PBXProject section */

/* Begin PBXResourcesBuildPhase section */
		D3050C5421DCFD2E006CB26D /* Resources */ = {
			isa = PBXResourcesBuildPhase;
			buildActionMask = 2147483647;
			files = (
				D35521F721F614FA004C843A /* MemberFamilyViewController.storyboard in Resources */,
				D34B3BF321FC6E99000B3303 /* ShareImageViewController.storyboard in Resources */,
				D3050C6421DCFD37006CB26D /* LaunchScreen.storyboard in Resources */,
				D34B3BFA21FD5873000B3303 /* TextFieldTableViewCell.xib in Resources */,
				D3E51FFD21E9A9CC006E7E8B /* MenuItemTableViewCell.xib in Resources */,
				D30A784121E2315500C72ABD /* LoginViewController.storyboard in Resources */,
				D3E51FF721E9A798006E7E8B /* MenuView.xib in Resources */,
				D3E5203D21EB062E006E7E8B /* CreateChildProfileViewController.storyboard in Resources */,
				D3E5204921EB9729006E7E8B /* ComboboxView.xib in Resources */,
				D3E5201A21EA19BA006E7E8B /* ForwardPasswordViewController.storyboard in Resources */,
				D3968C4221F7946C00B5B7B6 /* ChildProfileTableViewCell.xib in Resources */,
				D3050C6121DCFD37006CB26D /* Assets.xcassets in Resources */,
				D3E5205D21EBA51F006E7E8B /* Step4TableViewController.storyboard in Resources */,
				D3E5205921EBA4C1006E7E8B /* Step3TableViewController.storyboard in Resources */,
				D3E5203921EB05CD006E7E8B /* ListChildProfileViewController.storyboard in Resources */,
				D3E5203121EAE0B1006E7E8B /* UserProfileViewController.storyboard in Resources */,
				D3050C5F21DCFD2E006CB26D /* Main.storyboard in Resources */,
				D3E5200321E9C01C006E7E8B /* ChangePasswordViewController.storyboard in Resources */,
				D3E5205521EBA468006E7E8B /* Step2TableViewController.storyboard in Resources */,
				D3E5202321EA538D006E7E8B /* ConfirmForwardPasswordViewController.storyboard in Resources */,
				D336F1A121F9EAB300393BFD /* ChildReportViewController.storyboard in Resources */,
				D302C11521E8FA3D004EDD67 /* MainViewController.storyboard in Resources */,
				D3E5205121EBA413006E7E8B /* Step1TableViewController.storyboard in Resources */,
				D3D73EB821F3505600BE41F7 /* DatePickerView.xib in Resources */,
				D3078F0D21E769070088A9D0 /* CheckboxView.xib in Resources */,
				D3A203C421F8904E006206A7 /* SearchViewController.storyboard in Resources */,
			);
			runOnlyForDeploymentPostprocessing = 0;
		};
/* End PBXResourcesBuildPhase section */

/* Begin PBXShellScriptBuildPhase section */
		4831E4D948C8F7F152205465 /* [CP] Check Pods Manifest.lock */ = {
			isa = PBXShellScriptBuildPhase;
			buildActionMask = 2147483647;
			files = (
			);
			inputFileListPaths = (
			);
			inputPaths = (
				"${PODS_PODFILE_DIR_PATH}/Podfile.lock",
				"${PODS_ROOT}/Manifest.lock",
			);
			name = "[CP] Check Pods Manifest.lock";
			outputFileListPaths = (
			);
			outputPaths = (
				"$(DERIVED_FILE_DIR)/Pods-childprofile-checkManifestLockResult.txt",
			);
			runOnlyForDeploymentPostprocessing = 0;
			shellPath = /bin/sh;
			shellScript = "diff \"${PODS_PODFILE_DIR_PATH}/Podfile.lock\" \"${PODS_ROOT}/Manifest.lock\" > /dev/null\nif [ $? != 0 ] ; then\n    # print error to STDERR\n    echo \"error: The sandbox is not in sync with the Podfile.lock. Run 'pod install' or update your CocoaPods installation.\" >&2\n    exit 1\nfi\n# This output is used by Xcode 'outputs' to avoid re-running this script phase.\necho \"SUCCESS\" > \"${SCRIPT_OUTPUT_FILE_0}\"\n";
			showEnvVarsInLog = 0;
		};
		E6288B60B9CAD674DB8EC6FD /* [CP] Embed Pods Frameworks */ = {
			isa = PBXShellScriptBuildPhase;
			buildActionMask = 2147483647;
			files = (
			);
			inputFileListPaths = (
			);
			inputPaths = (
				"${PODS_ROOT}/Target Support Files/Pods-childprofile/Pods-childprofile-frameworks.sh",
				"${BUILT_PRODUCTS_DIR}/Alamofire/Alamofire.framework",
				"${BUILT_PRODUCTS_DIR}/DKCamera/DKCamera.framework",
				"${BUILT_PRODUCTS_DIR}/DKImagePickerController/DKImagePickerController.framework",
				"${BUILT_PRODUCTS_DIR}/DKPhotoGallery/DKPhotoGallery.framework",
				"${BUILT_PRODUCTS_DIR}/FLAnimatedImage/FLAnimatedImage.framework",
				"${BUILT_PRODUCTS_DIR}/IQKeyboardManagerSwift/IQKeyboardManagerSwift.framework",
				"${BUILT_PRODUCTS_DIR}/JGProgressHUD/JGProgressHUD.framework",
				"${BUILT_PRODUCTS_DIR}/Kingfisher/Kingfisher.framework",
				"${BUILT_PRODUCTS_DIR}/Moya/Moya.framework",
				"${BUILT_PRODUCTS_DIR}/Result/Result.framework",
				"${BUILT_PRODUCTS_DIR}/SDWebImage/SDWebImage.framework",
				"${BUILT_PRODUCTS_DIR}/TOCropViewController/TOCropViewController.framework",
				"${BUILT_PRODUCTS_DIR}/Toast-Swift/Toast_Swift.framework",
			);
			name = "[CP] Embed Pods Frameworks";
			outputFileListPaths = (
			);
			outputPaths = (
				"${TARGET_BUILD_DIR}/${FRAMEWORKS_FOLDER_PATH}/Alamofire.framework",
				"${TARGET_BUILD_DIR}/${FRAMEWORKS_FOLDER_PATH}/DKCamera.framework",
				"${TARGET_BUILD_DIR}/${FRAMEWORKS_FOLDER_PATH}/DKImagePickerController.framework",
				"${TARGET_BUILD_DIR}/${FRAMEWORKS_FOLDER_PATH}/DKPhotoGallery.framework",
				"${TARGET_BUILD_DIR}/${FRAMEWORKS_FOLDER_PATH}/FLAnimatedImage.framework",
				"${TARGET_BUILD_DIR}/${FRAMEWORKS_FOLDER_PATH}/IQKeyboardManagerSwift.framework",
				"${TARGET_BUILD_DIR}/${FRAMEWORKS_FOLDER_PATH}/JGProgressHUD.framework",
				"${TARGET_BUILD_DIR}/${FRAMEWORKS_FOLDER_PATH}/Kingfisher.framework",
				"${TARGET_BUILD_DIR}/${FRAMEWORKS_FOLDER_PATH}/Moya.framework",
				"${TARGET_BUILD_DIR}/${FRAMEWORKS_FOLDER_PATH}/Result.framework",
				"${TARGET_BUILD_DIR}/${FRAMEWORKS_FOLDER_PATH}/SDWebImage.framework",
				"${TARGET_BUILD_DIR}/${FRAMEWORKS_FOLDER_PATH}/TOCropViewController.framework",
				"${TARGET_BUILD_DIR}/${FRAMEWORKS_FOLDER_PATH}/Toast_Swift.framework",
			);
			runOnlyForDeploymentPostprocessing = 0;
			shellPath = /bin/sh;
			shellScript = "\"${PODS_ROOT}/Target Support Files/Pods-childprofile/Pods-childprofile-frameworks.sh\"\n";
			showEnvVarsInLog = 0;
		};
/* End PBXShellScriptBuildPhase section */

/* Begin PBXSourcesBuildPhase section */
		D3050C5221DCFD2E006CB26D /* Sources */ = {
			isa = PBXSourcesBuildPhase;
			buildActionMask = 2147483647;
			files = (
				D3189F0621F2208E0023FB62 /* PickerViewController.swift in Sources */,
				D3E5200D21EA0197006E7E8B /* ChangePasswordService.swift in Sources */,
				D3D73ED421F4876100BE41F7 /* CheckboxCollectionViewCell.swift in Sources */,
				D3CD047721E3AC5D0080BA5F /* UIColor+Extension.swift in Sources */,
				D3CD047921E3B87A0080BA5F /* BaseViewModel.swift in Sources */,
				D3D73ED621F4B89100BE41F7 /* Step2ViewModel.swift in Sources */,
				D30A785121E24CA800C72ABD /* LoginService.swift in Sources */,
				D35521FB21F63616004C843A /* MembeFamilyTableViewCell.swift in Sources */,
				D3CD047521E3AC290080BA5F /* Colors.swift in Sources */,
				D3D73EAD21F2F9F100BE41F7 /* ComboboxService.swift in Sources */,
				D3D73EC121F403B900BE41F7 /* FamilyMemberModel.swift in Sources */,
				D3050C7D21DCFDE3006CB26D /* UIViewController+Extension.swift in Sources */,
				D3050C7A21DCFDE3006CB26D /* Date+Extension.swift in Sources */,
				D34B3BEB21FC0988000B3303 /* ReportProfileModel.swift in Sources */,
				D3078F0721E74BC40088A9D0 /* With+Extension.swift in Sources */,
				D3E5200521E9D3B2006E7E8B /* Setting.swift in Sources */,
				D302C10F21E8F0FD004EDD67 /* HUD.swift in Sources */,
				D3E5200A21E9FD43006E7E8B /* ChangePasswordModel.swift in Sources */,
				D3E5200121E9BF03006E7E8B /* ChangePasswordViewController.swift in Sources */,
				D3E5201821EA1989006E7E8B /* ForwardPasswordViewController.swift in Sources */,
				D3050C7C21DCFDE3006CB26D /* UIView+Extension.swift in Sources */,
				D3D73EBD21F3FFC600BE41F7 /* ObjectInputModel.swift in Sources */,
				D3D73ED821F4CC4E00BE41F7 /* Step3ViewModel.swift in Sources */,
				D3078F0F21E76E2A0088A9D0 /* String+Extension.swift in Sources */,
				D3C9190E21F8958800178DB9 /* SearchViewModel.swift in Sources */,
				D30A784721E23B7C00C72ABD /* ChildProfileAPI.swift in Sources */,
				D3050C5A21DCFD2E006CB26D /* AppDelegate.swift in Sources */,
				D3D73EB321F34A8B00BE41F7 /* DateSelectViewController.swift in Sources */,
				D30A783C21E22F7500C72ABD /* BaseViewController.swift in Sources */,
				D3D73EC821F45FE300BE41F7 /* Step1ViewModel.swift in Sources */,
				D3D73EBB21F38BA400BE41F7 /* ChildProfileModel.swift in Sources */,
				D3968C3321F74F8C00B5B7B6 /* Utilities.swift in Sources */,
				D3D73ECA21F467A800BE41F7 /* Collection+Extension.swift in Sources */,
				D3E5202921EAD465006E7E8B /* UserProfileModel.swift in Sources */,
				D3E5204721EB9705006E7E8B /* ComboboxView.swift in Sources */,
				D3968C3921F7894D00B5B7B6 /* ChildProfileSearchCondition.swift in Sources */,
				D3D73EAA21F2F7EB00BE41F7 /* ComboboxItemModel.swift in Sources */,
				D3E5203721EB05A4006E7E8B /* ListChildProfileViewController.swift in Sources */,
				D3050C7E21DCFDE3006CB26D /* NibView.swift in Sources */,
				D3E5200F21EA02C6006E7E8B /* ChangePasswordViewModel.swift in Sources */,
				D3050C7F21DCFDE3006CB26D /* LogHelper.swift in Sources */,
				D3050C7921DCFDE3006CB26D /* Strings.swift in Sources */,
				D3050C7821DCFDE3006CB26D /* Constants.swift in Sources */,
				D3078F0B21E768F80088A9D0 /* CheckboxView.swift in Sources */,
				D30A784B21E23C8B00C72ABD /* LoginModel.swift in Sources */,
				D3D73EBF21F4021200BE41F7 /* ObjectBaseModel.swift in Sources */,
				D317DD1B21FF4AD5007EA178 /* AppData.swift in Sources */,
				D34B3BF121FC6E80000B3303 /* ShareImageViewController.swift in Sources */,
				D3968C4421F7948700B5B7B6 /* ChildProfileCellViewModel.swift in Sources */,
				D3E5200721E9DA16006E7E8B /* UImageView+Extension.swift in Sources */,
				D3D73EDA21F4D23400BE41F7 /* Step4ViewModel.swift in Sources */,
				D3E5203B21EB060B006E7E8B /* CreateChildProfileViewController.swift in Sources */,
				D3050C8021DCFDE3006CB26D /* DateHelper.swift in Sources */,
				D30A784521E234CA00C72ABD /* AppConfigs.swift in Sources */,
				D3E5204021EB08EB006E7E8B /* UserProfileViewModel.swift in Sources */,
				D3E5204421EB60DA006E7E8B /* UIImage+Extension.swift in Sources */,
				D3E5201C21EA3B47006E7E8B /* ForwardPasswordViewModel.swift in Sources */,
				D3E5204F21EB9F60006E7E8B /* Step1TableViewController.swift in Sources */,
				D3E5201221EA1253006E7E8B /* ForwardPasswordModel.swift in Sources */,
				D3E51FF221E96F1E006E7E8B /* Toast.swift in Sources */,
				D34B3BF921FD5873000B3303 /* TextFieldTableViewCell.swift in Sources */,
				D30A784D21E24B1900C72ABD /* LoginProfileModel.swift in Sources */,
				D336F19F21F9EA7600393BFD /* ChildReportViewController.swift in Sources */,
				D30A785321E2587200C72ABD /* ApiResponse.swift in Sources */,
				D3E5204221EB2482006E7E8B /* DateFormatter+Extension.swift in Sources */,
				D34B3BF621FD5768000B3303 /* TextFieldListView.swift in Sources */,
				D3E5202521EA53B9006E7E8B /* ConfirmForwardPasswordViewModel.swift in Sources */,
				D3E51FFC21E9A9CC006E7E8B /* MenuItemTableViewCell.swift in Sources */,
				D3E51FF521E9A784006E7E8B /* MenuView.swift in Sources */,
				D3577E4B21FE14F600A57161 /* UserUploadImageModel.swift in Sources */,
				D3E5205721EBA499006E7E8B /* Step3TableViewController.swift in Sources */,
				D3E5205B21EBA504006E7E8B /* Step4TableViewController.swift in Sources */,
				D3E5202121EA5379006E7E8B /* ConfirmForwardPasswordViewController.swift in Sources */,
				D3D73EC421F41B7F00BE41F7 /* ChildProfileService.swift in Sources */,
				D3E5205321EBA44F006E7E8B /* Step2TableViewController.swift in Sources */,
				D3E5201621EA1876006E7E8B /* ForwardPasswordService.swift in Sources */,
				D30A783F21E22FC000C72ABD /* LoginViewController.swift in Sources */,
				D3D73ECE21F46EEE00BE41F7 /* StepViewController.swift in Sources */,
				D3D73EC621F41D0900BE41F7 /* CreateChildProfileViewModel.swift in Sources */,
				D3968C4621F7A44400B5B7B6 /* SearchResult.swift in Sources */,
				D3968C3D21F78F1900B5B7B6 /* ListChildProvileViewModel.swift in Sources */,
				D302C11321E8FA00004EDD67 /* MainViewController.swift in Sources */,
				D3968C3B21F78BDF00B5B7B6 /* ChildProfileSearchResult.swift in Sources */,
				D3E5203321EAE1A2006E7E8B /* BaseTableViewController.swift in Sources */,
				D3E5202C21EADC06006E7E8B /* UserProfileService.swift in Sources */,
				D3D73ED221F4830300BE41F7 /* CheckboxListView.swift in Sources */,
				D3577E4D21FE174900A57161 /* ShareImageViewModel.swift in Sources */,
				D3E5202621EAA1F0006E7E8B /* ConfirmForwardPasswordService.swift in Sources */,
				D3968C4121F7946C00B5B7B6 /* ChildProfileTableViewCell.swift in Sources */,
				D3D73ECC21F4688A00BE41F7 /* Array+Extension.swift in Sources */,
				D3A203C221F8903D006206A7 /* SearchViewController.swift in Sources */,
				D3968C3621F762DF00B5B7B6 /* AlertController.swift in Sources */,
				D35521F921F61769004C843A /* MemberFamilyViewModel.swift in Sources */,
				D30A785521E25FE700C72ABD /* LoginViewModel.swift in Sources */,
				D34B3BEE21FC5592000B3303 /* ShareImageService.swift in Sources */,
				D3D73EB021F3481700BE41F7 /* InputToolbar.swift in Sources */,
				D3D73EB621F3503400BE41F7 /* DatePickerView.swift in Sources */,
				D3050C7B21DCFDE3006CB26D /* NSObject+Extension.swift in Sources */,
				D35521F521F614ED004C843A /* MemberFamilyViewController.swift in Sources */,
				D3189F0821F226030023FB62 /* UIApplication+Extension.swift in Sources */,
				D3E5202F21EAE046006E7E8B /* UserProfileViewController.swift in Sources */,
			);
			runOnlyForDeploymentPostprocessing = 0;
		};
/* End PBXSourcesBuildPhase section */

/* Begin PBXVariantGroup section */
		D3050C5D21DCFD2E006CB26D /* Main.storyboard */ = {
			isa = PBXVariantGroup;
			children = (
				D3050C5E21DCFD2E006CB26D /* Base */,
			);
			name = Main.storyboard;
			sourceTree = "<group>";
		};
		D3050C6221DCFD37006CB26D /* LaunchScreen.storyboard */ = {
			isa = PBXVariantGroup;
			children = (
				D3050C6321DCFD37006CB26D /* Base */,
			);
			name = LaunchScreen.storyboard;
			sourceTree = "<group>";
		};
/* End PBXVariantGroup section */

/* Begin XCBuildConfiguration section */
		D3050C6621DCFD37006CB26D /* Debug */ = {
			isa = XCBuildConfiguration;
			buildSettings = {
				ALWAYS_SEARCH_USER_PATHS = NO;
				CLANG_ANALYZER_NONNULL = YES;
				CLANG_ANALYZER_NUMBER_OBJECT_CONVERSION = YES_AGGRESSIVE;
				CLANG_CXX_LANGUAGE_STANDARD = "gnu++14";
				CLANG_CXX_LIBRARY = "libc++";
				CLANG_ENABLE_MODULES = YES;
				CLANG_ENABLE_OBJC_ARC = YES;
				CLANG_ENABLE_OBJC_WEAK = YES;
				CLANG_WARN_BLOCK_CAPTURE_AUTORELEASING = YES;
				CLANG_WARN_BOOL_CONVERSION = YES;
				CLANG_WARN_COMMA = YES;
				CLANG_WARN_CONSTANT_CONVERSION = YES;
				CLANG_WARN_DEPRECATED_OBJC_IMPLEMENTATIONS = YES;
				CLANG_WARN_DIRECT_OBJC_ISA_USAGE = YES_ERROR;
				CLANG_WARN_DOCUMENTATION_COMMENTS = YES;
				CLANG_WARN_EMPTY_BODY = YES;
				CLANG_WARN_ENUM_CONVERSION = YES;
				CLANG_WARN_INFINITE_RECURSION = YES;
				CLANG_WARN_INT_CONVERSION = YES;
				CLANG_WARN_NON_LITERAL_NULL_CONVERSION = YES;
				CLANG_WARN_OBJC_IMPLICIT_RETAIN_SELF = YES;
				CLANG_WARN_OBJC_LITERAL_CONVERSION = YES;
				CLANG_WARN_OBJC_ROOT_CLASS = YES_ERROR;
				CLANG_WARN_RANGE_LOOP_ANALYSIS = YES;
				CLANG_WARN_STRICT_PROTOTYPES = YES;
				CLANG_WARN_SUSPICIOUS_MOVE = YES;
				CLANG_WARN_UNGUARDED_AVAILABILITY = YES_AGGRESSIVE;
				CLANG_WARN_UNREACHABLE_CODE = YES;
				CLANG_WARN__DUPLICATE_METHOD_MATCH = YES;
				CODE_SIGN_IDENTITY = "iPhone Developer";
				COPY_PHASE_STRIP = NO;
				DEBUG_INFORMATION_FORMAT = dwarf;
				ENABLE_STRICT_OBJC_MSGSEND = YES;
				ENABLE_TESTABILITY = YES;
				GCC_C_LANGUAGE_STANDARD = gnu11;
				GCC_DYNAMIC_NO_PIC = NO;
				GCC_NO_COMMON_BLOCKS = YES;
				GCC_OPTIMIZATION_LEVEL = 0;
				GCC_PREPROCESSOR_DEFINITIONS = (
					"DEBUG=1",
					"$(inherited)",
				);
				GCC_WARN_64_TO_32_BIT_CONVERSION = YES;
				GCC_WARN_ABOUT_RETURN_TYPE = YES_ERROR;
				GCC_WARN_UNDECLARED_SELECTOR = YES;
				GCC_WARN_UNINITIALIZED_AUTOS = YES_AGGRESSIVE;
				GCC_WARN_UNUSED_FUNCTION = YES;
				GCC_WARN_UNUSED_VARIABLE = YES;
				IPHONEOS_DEPLOYMENT_TARGET = 12.1;
				MTL_ENABLE_DEBUG_INFO = INCLUDE_SOURCE;
				MTL_FAST_MATH = YES;
				ONLY_ACTIVE_ARCH = YES;
				SDKROOT = iphoneos;
				SWIFT_ACTIVE_COMPILATION_CONDITIONS = DEBUG;
				SWIFT_OPTIMIZATION_LEVEL = "-Onone";
			};
			name = Debug;
		};
		D3050C6721DCFD37006CB26D /* Release */ = {
			isa = XCBuildConfiguration;
			buildSettings = {
				ALWAYS_SEARCH_USER_PATHS = NO;
				CLANG_ANALYZER_NONNULL = YES;
				CLANG_ANALYZER_NUMBER_OBJECT_CONVERSION = YES_AGGRESSIVE;
				CLANG_CXX_LANGUAGE_STANDARD = "gnu++14";
				CLANG_CXX_LIBRARY = "libc++";
				CLANG_ENABLE_MODULES = YES;
				CLANG_ENABLE_OBJC_ARC = YES;
				CLANG_ENABLE_OBJC_WEAK = YES;
				CLANG_WARN_BLOCK_CAPTURE_AUTORELEASING = YES;
				CLANG_WARN_BOOL_CONVERSION = YES;
				CLANG_WARN_COMMA = YES;
				CLANG_WARN_CONSTANT_CONVERSION = YES;
				CLANG_WARN_DEPRECATED_OBJC_IMPLEMENTATIONS = YES;
				CLANG_WARN_DIRECT_OBJC_ISA_USAGE = YES_ERROR;
				CLANG_WARN_DOCUMENTATION_COMMENTS = YES;
				CLANG_WARN_EMPTY_BODY = YES;
				CLANG_WARN_ENUM_CONVERSION = YES;
				CLANG_WARN_INFINITE_RECURSION = YES;
				CLANG_WARN_INT_CONVERSION = YES;
				CLANG_WARN_NON_LITERAL_NULL_CONVERSION = YES;
				CLANG_WARN_OBJC_IMPLICIT_RETAIN_SELF = YES;
				CLANG_WARN_OBJC_LITERAL_CONVERSION = YES;
				CLANG_WARN_OBJC_ROOT_CLASS = YES_ERROR;
				CLANG_WARN_RANGE_LOOP_ANALYSIS = YES;
				CLANG_WARN_STRICT_PROTOTYPES = YES;
				CLANG_WARN_SUSPICIOUS_MOVE = YES;
				CLANG_WARN_UNGUARDED_AVAILABILITY = YES_AGGRESSIVE;
				CLANG_WARN_UNREACHABLE_CODE = YES;
				CLANG_WARN__DUPLICATE_METHOD_MATCH = YES;
				CODE_SIGN_IDENTITY = "iPhone Developer";
				COPY_PHASE_STRIP = NO;
				DEBUG_INFORMATION_FORMAT = "dwarf-with-dsym";
				ENABLE_NS_ASSERTIONS = NO;
				ENABLE_STRICT_OBJC_MSGSEND = YES;
				GCC_C_LANGUAGE_STANDARD = gnu11;
				GCC_NO_COMMON_BLOCKS = YES;
				GCC_WARN_64_TO_32_BIT_CONVERSION = YES;
				GCC_WARN_ABOUT_RETURN_TYPE = YES_ERROR;
				GCC_WARN_UNDECLARED_SELECTOR = YES;
				GCC_WARN_UNINITIALIZED_AUTOS = YES_AGGRESSIVE;
				GCC_WARN_UNUSED_FUNCTION = YES;
				GCC_WARN_UNUSED_VARIABLE = YES;
				IPHONEOS_DEPLOYMENT_TARGET = 12.1;
				MTL_ENABLE_DEBUG_INFO = NO;
				MTL_FAST_MATH = YES;
				SDKROOT = iphoneos;
				SWIFT_COMPILATION_MODE = wholemodule;
				SWIFT_OPTIMIZATION_LEVEL = "-O";
				VALIDATE_PRODUCT = YES;
			};
			name = Release;
		};
		D3050C6921DCFD37006CB26D /* Debug */ = {
			isa = XCBuildConfiguration;
			baseConfigurationReference = F68408923CDC56A1BB513F47 /* Pods-childprofile.debug.xcconfig */;
			buildSettings = {
				ASSETCATALOG_COMPILER_APPICON_NAME = AppIcon;
				CODE_SIGN_STYLE = Automatic;
				DEVELOPMENT_TEAM = 6C6H85A4BZ;
				INFOPLIST_FILE = childprofile/Info.plist;
				IPHONEOS_DEPLOYMENT_TARGET = 10.0;
				LD_RUNPATH_SEARCH_PATHS = (
					"$(inherited)",
					"@executable_path/Frameworks",
				);
				PRODUCT_BUNDLE_IDENTIFIER = com.childfund.childprofile;
				PRODUCT_NAME = "$(TARGET_NAME)";
				SWIFT_VERSION = 4.2;
				TARGETED_DEVICE_FAMILY = "1,2";
			};
			name = Debug;
		};
		D3050C6A21DCFD37006CB26D /* Release */ = {
			isa = XCBuildConfiguration;
			baseConfigurationReference = CBE9D86F5BDC729F82306272 /* Pods-childprofile.release.xcconfig */;
			buildSettings = {
				ASSETCATALOG_COMPILER_APPICON_NAME = AppIcon;
				CODE_SIGN_STYLE = Automatic;
				DEVELOPMENT_TEAM = 6C6H85A4BZ;
				INFOPLIST_FILE = childprofile/Info.plist;
				IPHONEOS_DEPLOYMENT_TARGET = 10.0;
				LD_RUNPATH_SEARCH_PATHS = (
					"$(inherited)",
					"@executable_path/Frameworks",
				);
				PRODUCT_BUNDLE_IDENTIFIER = com.childfund.childprofile;
				PRODUCT_NAME = "$(TARGET_NAME)";
				SWIFT_VERSION = 4.2;
				TARGETED_DEVICE_FAMILY = "1,2";
			};
			name = Release;
		};
/* End XCBuildConfiguration section */

/* Begin XCConfigurationList section */
		D3050C5121DCFD2E006CB26D /* Build configuration list for PBXProject "childprofile" */ = {
			isa = XCConfigurationList;
			buildConfigurations = (
				D3050C6621DCFD37006CB26D /* Debug */,
				D3050C6721DCFD37006CB26D /* Release */,
			);
			defaultConfigurationIsVisible = 0;
			defaultConfigurationName = Release;
		};
		D3050C6821DCFD37006CB26D /* Build configuration list for PBXNativeTarget "childprofile" */ = {
			isa = XCConfigurationList;
			buildConfigurations = (
				D3050C6921DCFD37006CB26D /* Debug */,
				D3050C6A21DCFD37006CB26D /* Release */,
			);
			defaultConfigurationIsVisible = 0;
			defaultConfigurationName = Release;
		};
/* End XCConfigurationList section */
	};
	rootObject = D3050C4E21DCFD2E006CB26D /* Project object */;
}
